// !$*UTF8*$!
{
	archiveVersion = 1;
	classes = {
	};
	objectVersion = 56;
	objects = {

/* Begin PBXBuildFile section */
		859BEC168102C01A5993CD82 /* Brand.swift in Sources */ = {isa = PBXBuildFile; fileRef = 345E6421A33BBF48B4B8E5CB /* Brand.swift */; };
		7DC7E7C02F42C0BC0015B135 /* EngineRootView.swift in Sources */ = {isa = PBXBuildFile; fileRef = 7DC7E7BF2F42C0BC0015B135 /* EngineRootView.swift */; };
		A10001000000000000000001 /* TasteMatchApp.swift in Sources */ = {isa = PBXBuildFile; fileRef = A20001000000000000000001 /* TasteMatchApp.swift */; };
		A10002000000000000000002 /* AnalyzingView.swift in Sources */ = {isa = PBXBuildFile; fileRef = A20002000000000000000002 /* AnalyzingView.swift */; };
		A10003000000000000000003 /* APIClient.swift in Sources */ = {isa = PBXBuildFile; fileRef = A20003000000000000000003 /* APIClient.swift */; };
		A10004000000000000000004 /* CompareScreen.swift in Sources */ = {isa = PBXBuildFile; fileRef = A20004000000000000000004 /* CompareScreen.swift */; };
		A10005000000000000000005 /* ContextScreen.swift in Sources */ = {isa = PBXBuildFile; fileRef = A20005000000000000000005 /* ContextScreen.swift */; };
		A10006000000000000000006 /* EventLogger.swift in Sources */ = {isa = PBXBuildFile; fileRef = A20006000000000000000006 /* EventLogger.swift */; };
		A10007000000000000000007 /* EvolutionScreen.swift in Sources */ = {isa = PBXBuildFile; fileRef = A20007000000000000000007 /* EvolutionScreen.swift */; };
		A10008000000000000000008 /* FavoritesScreen.swift in Sources */ = {isa = PBXBuildFile; fileRef = A20008000000000000000008 /* FavoritesScreen.swift */; };
		A10009000000000000000009 /* FavoritesStore.swift in Sources */ = {isa = PBXBuildFile; fileRef = A20009000000000000000009 /* FavoritesStore.swift */; };
		A1000A00000000000000000A /* Haptics.swift in Sources */ = {isa = PBXBuildFile; fileRef = A2000A00000000000000000A /* Haptics.swift */; };
		A1000B00000000000000000B /* HistoryScreen.swift in Sources */ = {isa = PBXBuildFile; fileRef = A2000B00000000000000000B /* HistoryScreen.swift */; };
		A1000C00000000000000000C /* MockCatalog.swift in Sources */ = {isa = PBXBuildFile; fileRef = A2000C00000000000000000C /* MockCatalog.swift */; };
		A1000D00000000000000000D /* Models.swift in Sources */ = {isa = PBXBuildFile; fileRef = A2000D00000000000000000D /* Models.swift */; };
		A1000E00000000000000000E /* OnboardingScreen.swift in Sources */ = {isa = PBXBuildFile; fileRef = A2000E00000000000000000E /* OnboardingScreen.swift */; };
		A1000F00000000000000000F /* ProfileStore.swift in Sources */ = {isa = PBXBuildFile; fileRef = A2000F00000000000000000F /* ProfileStore.swift */; };
		A10010000000000000000010 /* RecommendationDetailScreen.swift in Sources */ = {isa = PBXBuildFile; fileRef = A20010000000000000000010 /* RecommendationDetailScreen.swift */; };
		A10011000000000000000011 /* RecommendationEngine.swift in Sources */ = {isa = PBXBuildFile; fileRef = A20011000000000000000011 /* RecommendationEngine.swift */; };
		A10012000000000000000012 /* ResultScreen.swift in Sources */ = {isa = PBXBuildFile; fileRef = A20012000000000000000012 /* ResultScreen.swift */; };
		A10013000000000000000013 /* SettingsScreen.swift in Sources */ = {isa = PBXBuildFile; fileRef = A20013000000000000000013 /* SettingsScreen.swift */; };
		A10014000000000000000014 /* SignalExtractor.swift in Sources */ = {isa = PBXBuildFile; fileRef = A20014000000000000000014 /* SignalExtractor.swift */; };
		A10015000000000000000015 /* TasteBadge.swift in Sources */ = {isa = PBXBuildFile; fileRef = A20015000000000000000015 /* TasteBadge.swift */; };
		A10016000000000000000016 /* TasteCardView.swift in Sources */ = {isa = PBXBuildFile; fileRef = A20016000000000000000016 /* TasteCardView.swift */; };
		A10017000000000000000017 /* TasteEngine.swift in Sources */ = {isa = PBXBuildFile; fileRef = A20017000000000000000017 /* TasteEngine.swift */; };
		A10018000000000000000018 /* Theme.swift in Sources */ = {isa = PBXBuildFile; fileRef = A20018000000000000000018 /* Theme.swift */; };
		A10019000000000000000019 /* UploadScreen.swift in Sources */ = {isa = PBXBuildFile; fileRef = A20019000000000000000019 /* UploadScreen.swift */; };
		A1001A00000000000000001A /* Assets.xcassets in Resources */ = {isa = PBXBuildFile; fileRef = A2001A00000000000000001A /* Assets.xcassets */; };
		A1001B00000000000000001B /* TasteEngineTests.swift in Sources */ = {isa = PBXBuildFile; fileRef = A2001B00000000000000001B /* TasteEngineTests.swift */; };
		A1001C00000000000000001C /* RecommendationEngineTests.swift in Sources */ = {isa = PBXBuildFile; fileRef = A2001C00000000000000001C /* RecommendationEngineTests.swift */; };
		A1001D00000000000000001D /* ProfileStoreTests.swift in Sources */ = {isa = PBXBuildFile; fileRef = A2001D00000000000000001D /* ProfileStoreTests.swift */; };
		B11001000000000000000001 /* DesignTipsEngine.swift in Sources */ = {isa = PBXBuildFile; fileRef = B21001000000000000000001 /* DesignTipsEngine.swift */; };
		B11002000000000000000002 /* AboutScreen.swift in Sources */ = {isa = PBXBuildFile; fileRef = B21002000000000000000002 /* AboutScreen.swift */; };
		B11003000000000000000003 /* ShareTextBuilder.swift in Sources */ = {isa = PBXBuildFile; fileRef = B21003000000000000000003 /* ShareTextBuilder.swift */; };
		B11004000000000000000004 /* DesignTipsEngineTests.swift in Sources */ = {isa = PBXBuildFile; fileRef = B21004000000000000000004 /* DesignTipsEngineTests.swift */; };
		B11005000000000000000005 /* TasteBadgeTests.swift in Sources */ = {isa = PBXBuildFile; fileRef = B21005000000000000000005 /* TasteBadgeTests.swift */; };
		B11006000000000000000006 /* ShareTextTests.swift in Sources */ = {isa = PBXBuildFile; fileRef = B21006000000000000000006 /* ShareTextTests.swift */; };
		C11001000000000000000001 /* CatalogLoader.swift in Sources */ = {isa = PBXBuildFile; fileRef = C21001000000000000000001 /* CatalogLoader.swift */; };
		C11002000000000000000002 /* catalog.json in Resources */ = {isa = PBXBuildFile; fileRef = C21002000000000000000002 /* catalog.json */; };
		D11001000000000000000001 /* TasteVector.swift in Sources */ = {isa = PBXBuildFile; fileRef = D21001000000000000000001 /* TasteVector.swift */; };
		D11002000000000000000002 /* CalibrationStore.swift in Sources */ = {isa = PBXBuildFile; fileRef = D21002000000000000000002 /* CalibrationStore.swift */; };
		D11003000000000000000003 /* SwipeDeckView.swift in Sources */ = {isa = PBXBuildFile; fileRef = D21003000000000000000003 /* SwipeDeckView.swift */; };
		D11004000000000000000004 /* TasteCalibrationScreen.swift in Sources */ = {isa = PBXBuildFile; fileRef = D21004000000000000000004 /* TasteCalibrationScreen.swift */; };
		D11005000000000000000005 /* CalibrationTests.swift in Sources */ = {isa = PBXBuildFile; fileRef = D21005000000000000000005 /* CalibrationTests.swift */; };
		E11001000000000000000001 /* BoardScreen.swift in Sources */ = {isa = PBXBuildFile; fileRef = E21001000000000000000001 /* BoardScreen.swift */; };
		F11001000000000000000001 /* ProfileNaming.swift in Sources */ = {isa = PBXBuildFile; fileRef = F21001000000000000000001 /* ProfileNaming.swift */; };
		F11002000000000000000002 /* ProfileNamingTests.swift in Sources */ = {isa = PBXBuildFile; fileRef = F21002000000000000000002 /* ProfileNamingTests.swift */; };
		G11001000000000000000001 /* DiscoveryFeed.swift in Sources */ = {isa = PBXBuildFile; fileRef = G21001000000000000000001 /* DiscoveryFeed.swift */; };
		H11001000000000000000001 /* DiscoveryEngine.swift in Sources */ = {isa = PBXBuildFile; fileRef = H21001000000000000000001 /* DiscoveryEngine.swift */; };
		H11003000000000000000003 /* DiscoveryEngineTests.swift in Sources */ = {isa = PBXBuildFile; fileRef = H21003000000000000000003 /* DiscoveryEngineTests.swift */; };
		I11001000000000000000001 /* DiscoveryItem.swift in Sources */ = {isa = PBXBuildFile; fileRef = I21001000000000000000001 /* DiscoveryItem.swift */; };
		I11002000000000000000002 /* DiscoveryLoader.swift in Sources */ = {isa = PBXBuildFile; fileRef = I21002000000000000000002 /* DiscoveryLoader.swift */; };
		I11003000000000000000003 /* DiscoverySignalStore.swift in Sources */ = {isa = PBXBuildFile; fileRef = I21003000000000000000003 /* DiscoverySignalStore.swift */; };
		I11004000000000000000004 /* DiscoveryCacheStore.swift in Sources */ = {isa = PBXBuildFile; fileRef = I21004000000000000000004 /* DiscoveryCacheStore.swift */; };
		I11005000000000000000005 /* discovery_space.ndjson in Resources */ = {isa = PBXBuildFile; fileRef = I21005000000000000000005 /* discovery_space.ndjson */; };
		I11006000000000000000006 /* DiscoverySignalStoreTests.swift in Sources */ = {isa = PBXBuildFile; fileRef = I21006000000000000000006 /* DiscoverySignalStoreTests.swift */; };
		J11001000000000000000001 /* AxisPresentation.swift in Sources */ = {isa = PBXBuildFile; fileRef = J21001000000000000000001 /* AxisPresentation.swift */; };
		J11002000000000000000002 /* AxisPresentationTests.swift in Sources */ = {isa = PBXBuildFile; fileRef = J21002000000000000000002 /* AxisPresentationTests.swift */; };
		K11001000000000000000001 /* MaterialShopSheet.swift in Sources */ = {isa = PBXBuildFile; fileRef = K21001000000000000000001 /* MaterialShopSheet.swift */; };
		K11002000000000000000002 /* AxisMappingTests.swift in Sources */ = {isa = PBXBuildFile; fileRef = K21002000000000000000002 /* AxisMappingTests.swift */; };
		L11001000000000000000001 /* commerce_space.json in Resources */ = {isa = PBXBuildFile; fileRef = L21001000000000000000001 /* commerce_space.json */; };
		L11002000000000000000002 /* CommerceProviderTests.swift in Sources */ = {isa = PBXBuildFile; fileRef = L21002000000000000000002 /* CommerceProviderTests.swift */; };
		L11003000000000000000003 /* CommerceRankingTests.swift in Sources */ = {isa = PBXBuildFile; fileRef = L21003000000000000000003 /* CommerceRankingTests.swift */; };
		L11004000000000000000004 /* commerce_space.json in Resources */ = {isa = PBXBuildFile; fileRef = L21001000000000000000001 /* commerce_space.json */; };
		M11001000000000000000001 /* ShopScreen.swift in Sources */ = {isa = PBXBuildFile; fileRef = M21001000000000000000001 /* ShopScreen.swift */; };
		M11002000000000000000002 /* ShopScreenTests.swift in Sources */ = {isa = PBXBuildFile; fileRef = M21002000000000000000002 /* ShopScreenTests.swift */; };
		N11001000000000000000001 /* CachedImage.swift in Sources */ = {isa = PBXBuildFile; fileRef = N21001000000000000000001 /* CachedImage.swift */; };
		N11002000000000000000002 /* FeatureFlags.swift in Sources */ = {isa = PBXBuildFile; fileRef = N21002000000000000000002 /* FeatureFlags.swift */; };
		N11003000000000000000003 /* NetworkModels.swift in Sources */ = {isa = PBXBuildFile; fileRef = N21003000000000000000003 /* NetworkModels.swift */; };
		N11004000000000000000004 /* BackendClient.swift in Sources */ = {isa = PBXBuildFile; fileRef = N21004000000000000000004 /* BackendClient.swift */; };
		N11005000000000000000005 /* CachedImageTests.swift in Sources */ = {isa = PBXBuildFile; fileRef = N21005000000000000000005 /* CachedImageTests.swift */; };
		N11006000000000000000006 /* NetworkModelTests.swift in Sources */ = {isa = PBXBuildFile; fileRef = N21006000000000000000006 /* NetworkModelTests.swift */; };
		N11007000000000000000007 /* BackendClientTests.swift in Sources */ = {isa = PBXBuildFile; fileRef = N21007000000000000000007 /* BackendClientTests.swift */; };
		P11001000000000000000001 /* MyProfileScreen.swift in Sources */ = {isa = PBXBuildFile; fileRef = P21001000000000000000001 /* MyProfileScreen.swift */; };
		P11002000000000000000002 /* RadarChart.swift in Sources */ = {isa = PBXBuildFile; fileRef = P21002000000000000000002 /* RadarChart.swift */; };
		P11003000000000000000003 /* MyProfileScreenTests.swift in Sources */ = {isa = PBXBuildFile; fileRef = P21003000000000000000003 /* MyProfileScreenTests.swift */; };
		P11004000000000000000004 /* RadarChartTests.swift in Sources */ = {isa = PBXBuildFile; fileRef = P21004000000000000000004 /* RadarChartTests.swift */; };
		Q11001000000000000000001 /* Domain.swift in Sources */ = {isa = PBXBuildFile; fileRef = Q21001000000000000000001 /* Domain.swift */; };
		Q11002000000000000000002 /* DomainCatalog.swift in Sources */ = {isa = PBXBuildFile; fileRef = Q21002000000000000000002 /* DomainCatalog.swift */; };
		Q11003000000000000000003 /* DomainDiscovery.swift in Sources */ = {isa = PBXBuildFile; fileRef = Q21003000000000000000003 /* DomainDiscovery.swift */; };
		Q11004000000000000000004 /* DomainNaming.swift in Sources */ = {isa = PBXBuildFile; fileRef = Q21004000000000000000004 /* DomainNaming.swift */; };
		Q11005000000000000000005 /* ArtRankingEngine.swift in Sources */ = {isa = PBXBuildFile; fileRef = Q21005000000000000000005 /* ArtRankingEngine.swift */; };
		Q11006000000000000000006 /* commerce_objects.json in Resources */ = {isa = PBXBuildFile; fileRef = Q21006000000000000000006 /* commerce_objects.json */; };
		Q11007000000000000000007 /* commerce_art.json in Resources */ = {isa = PBXBuildFile; fileRef = Q21007000000000000000007 /* commerce_art.json */; };
		Q11008000000000000000008 /* discovery_objects.ndjson in Resources */ = {isa = PBXBuildFile; fileRef = Q21008000000000000000008 /* discovery_objects.ndjson */; };
		Q11009000000000000000009 /* discovery_art.ndjson in Resources */ = {isa = PBXBuildFile; fileRef = Q21009000000000000000009 /* discovery_art.ndjson */; };
		Q1100A00000000000000000A /* DomainInventoryTests.swift in Sources */ = {isa = PBXBuildFile; fileRef = Q2100A00000000000000000A /* DomainInventoryTests.swift */; };
		Q1100B00000000000000000B /* DomainNamingTests.swift in Sources */ = {isa = PBXBuildFile; fileRef = Q2100B00000000000000000B /* DomainNamingTests.swift */; };
		Q1100C00000000000000000C /* ArtRarityRankingTests.swift in Sources */ = {isa = PBXBuildFile; fileRef = Q2100C00000000000000000C /* ArtRarityRankingTests.swift */; };
		Q1100D00000000000000000D /* commerce_objects.json in Resources */ = {isa = PBXBuildFile; fileRef = Q21006000000000000000006 /* commerce_objects.json */; };
		Q1100E00000000000000000E /* commerce_art.json in Resources */ = {isa = PBXBuildFile; fileRef = Q21007000000000000000007 /* commerce_art.json */; };
		Q1100F00000000000000000F /* discovery_objects.ndjson in Resources */ = {isa = PBXBuildFile; fileRef = Q21008000000000000000008 /* discovery_objects.ndjson */; };
		Q11010000000000000000010 /* discovery_art.ndjson in Resources */ = {isa = PBXBuildFile; fileRef = Q21009000000000000000009 /* discovery_art.ndjson */; };
		Q11011000000000000000011 /* discovery_space.ndjson in Resources */ = {isa = PBXBuildFile; fileRef = I21005000000000000000005 /* discovery_space.ndjson */; };
		R11001000000000000000001 /* DomainPreferencesStore.swift in Sources */ = {isa = PBXBuildFile; fileRef = R21001000000000000000001 /* DomainPreferencesStore.swift */; };
		R11002000000000000000002 /* GoalSelectionScreen.swift in Sources */ = {isa = PBXBuildFile; fileRef = R21002000000000000000002 /* GoalSelectionScreen.swift */; };
		R11003000000000000000003 /* DomainLayout.swift in Sources */ = {isa = PBXBuildFile; fileRef = R21003000000000000000003 /* DomainLayout.swift */; };
		R11004000000000000000004 /* DomainPreferencesStoreTests.swift in Sources */ = {isa = PBXBuildFile; fileRef = R21004000000000000000004 /* DomainPreferencesStoreTests.swift */; };
		R11005000000000000000005 /* DomainEnablementTests.swift in Sources */ = {isa = PBXBuildFile; fileRef = R21005000000000000000005 /* DomainEnablementTests.swift */; };
		S11001000000000000000001 /* ObjectVector.swift in Sources */ = {isa = PBXBuildFile; fileRef = S21001000000000000000001 /* ObjectVector.swift */; };
		S11002000000000000000002 /* ObjectCalibrationStore.swift in Sources */ = {isa = PBXBuildFile; fileRef = S21002000000000000000002 /* ObjectCalibrationStore.swift */; };
		S11003000000000000000003 /* ObjectsCalibrationScreen.swift in Sources */ = {isa = PBXBuildFile; fileRef = S21003000000000000000003 /* ObjectsCalibrationScreen.swift */; };
		S11004000000000000000004 /* ObjectArchetype.swift in Sources */ = {isa = PBXBuildFile; fileRef = S21004000000000000000004 /* ObjectArchetype.swift */; };
		S11005000000000000000005 /* ObjectsRankingEngine.swift in Sources */ = {isa = PBXBuildFile; fileRef = S21005000000000000000005 /* ObjectsRankingEngine.swift */; };
		S11006000000000000000006 /* ObjectAxisPresentation.swift in Sources */ = {isa = PBXBuildFile; fileRef = S21006000000000000000006 /* ObjectAxisPresentation.swift */; };
		S11007000000000000000007 /* ObjectVectorTests.swift in Sources */ = {isa = PBXBuildFile; fileRef = S21007000000000000000007 /* ObjectVectorTests.swift */; };
		S11008000000000000000008 /* ObjectNamingTests.swift in Sources */ = {isa = PBXBuildFile; fileRef = S21008000000000000000008 /* ObjectNamingTests.swift */; };
		S11009000000000000000009 /* ArchetypeDuelTests.swift in Sources */ = {isa = PBXBuildFile; fileRef = S21009000000000000000009 /* ArchetypeDuelTests.swift */; };
		S1100A00000000000000000A /* ObjectsRankingTests.swift in Sources */ = {isa = PBXBuildFile; fileRef = S2100A00000000000000000A /* ObjectsRankingTests.swift */; };
		S1100B00000000000000000B /* AdvisoryPolicy.swift in Sources */ = {isa = PBXBuildFile; fileRef = S2100B00000000000000000B /* AdvisoryPolicy.swift */; };
		S1100C00000000000000000C /* TasteConflictEngine.swift in Sources */ = {isa = PBXBuildFile; fileRef = S2100C00000000000000000C /* TasteConflictEngine.swift */; };
		S1100D00000000000000000D /* AdvisorySettings.swift in Sources */ = {isa = PBXBuildFile; fileRef = S2100D00000000000000000D /* AdvisorySettings.swift */; };
		S1100E00000000000000000E /* TasteGuardSheet.swift in Sources */ = {isa = PBXBuildFile; fileRef = S2100E00000000000000000E /* TasteGuardSheet.swift */; };
		S1100F00000000000000000F /* TasteConflictEngineTests.swift in Sources */ = {isa = PBXBuildFile; fileRef = S2100F00000000000000000F /* TasteConflictEngineTests.swift */; };
		S11010000000000000000010 /* AdvisorySignalStore.swift in Sources */ = {isa = PBXBuildFile; fileRef = S21010000000000000000010 /* AdvisorySignalStore.swift */; };
		S11011000000000000000011 /* AdvisoryToleranceStore.swift in Sources */ = {isa = PBXBuildFile; fileRef = S21011000000000000000011 /* AdvisoryToleranceStore.swift */; };
		S11012000000000000000012 /* ObjectAdvisory.swift in Sources */ = {isa = PBXBuildFile; fileRef = S21012000000000000000012 /* ObjectAdvisory.swift */; };
		S11013000000000000000013 /* AdvisoryToleranceTests.swift in Sources */ = {isa = PBXBuildFile; fileRef = S21013000000000000000013 /* AdvisoryToleranceTests.swift */; };
		T11001000000000000000001 /* DomainCopy.swift in Sources */ = {isa = PBXBuildFile; fileRef = T21001000000000000000001 /* DomainCopy.swift */; };
		T11002000000000000000002 /* DomainCopyTests.swift in Sources */ = {isa = PBXBuildFile; fileRef = T21002000000000000000002 /* DomainCopyTests.swift */; };
		U11001000000000000000001 /* DecisionStore.swift in Sources */ = {isa = PBXBuildFile; fileRef = U21001000000000000000001 /* DecisionStore.swift */; };
		V11001000000000000000001 /* EngineResultScreen.swift in Sources */ = {isa = PBXBuildFile; fileRef = V21001000000000000000001 /* EngineResultScreen.swift */; };
		W11001000000000000000001 /* SwipeOnboardingView.swift in Sources */ = {isa = PBXBuildFile; fileRef = W21001000000000000000001 /* SwipeOnboardingView.swift */; };
		X11001000000000000000001 /* IdentityRevealView.swift in Sources */ = {isa = PBXBuildFile; fileRef = X21001000000000000000001 /* IdentityRevealView.swift */; };
		Y11001000000000000000001 /* IdentityHomeView.swift in Sources */ = {isa = PBXBuildFile; fileRef = Y21001000000000000000001 /* IdentityHomeView.swift */; };
		Z11001000000000000000001 /* StyleSeedDeck.swift in Sources */ = {isa = PBXBuildFile; fileRef = Z21001000000000000000001 /* StyleSeedDeck.swift */; };
		AA1100100000000000000001 /* IdentityFitsCatalog.swift in Sources */ = {isa = PBXBuildFile; fileRef = AA2100100000000000000001 /* IdentityFitsCatalog.swift */; };
		BB1100100000000000000001 /* TasteIdentity.swift in Sources */ = {isa = PBXBuildFile; fileRef = BB2100100000000000000001 /* TasteIdentity.swift */; };
		CC1100100000000000000001 /* TasteEvaluatedObject.swift in Sources */ = {isa = PBXBuildFile; fileRef = CC2100100000000000000001 /* TasteEvaluatedObject.swift */; };
		DD1100100000000000000001 /* ScoringService.swift in Sources */ = {isa = PBXBuildFile; fileRef = DD2100100000000000000001 /* ScoringService.swift */; };
		EE1100100000000000000001 /* ReinforcementService.swift in Sources */ = {isa = PBXBuildFile; fileRef = EE2100100000000000000001 /* ReinforcementService.swift */; };
		FF1100100000000000000001 /* IdentityStore.swift in Sources */ = {isa = PBXBuildFile; fileRef = FF2100100000000000000001 /* IdentityStore.swift */; };
		GG1100100000000000000001 /* TasteEventStore.swift in Sources */ = {isa = PBXBuildFile; fileRef = GG2100100000000000000001 /* TasteEventStore.swift */; };
		HH1100100000000000000001 /* ItemEvaluationScreen.swift in Sources */ = {isa = PBXBuildFile; fileRef = HH2100100000000000000001 /* ItemEvaluationScreen.swift */; };
		II1100100000000000000001 /* ScoringServiceTests.swift in Sources */ = {isa = PBXBuildFile; fileRef = II2100100000000000000001 /* ScoringServiceTests.swift */; };
		JJ1100100000000000000001 /* ReinforcementServiceTests.swift in Sources */ = {isa = PBXBuildFile; fileRef = JJ2100100000000000000001 /* ReinforcementServiceTests.swift */; };
		KK1100100000000000000001 /* StyleSignals.swift in Sources */ = {isa = PBXBuildFile; fileRef = KK2100100000000000000001 /* StyleSignals.swift */; };
		LL1100100000000000000001 /* StyleEmbedding.swift in Sources */ = {isa = PBXBuildFile; fileRef = LL2100100000000000000001 /* StyleEmbedding.swift */; };
		MM1100100000000000000001 /* EmbeddingProjector.swift in Sources */ = {isa = PBXBuildFile; fileRef = MM2100100000000000000001 /* EmbeddingProjector.swift */; };
		NN1100100000000000000001 /* StyleExtractor.swift in Sources */ = {isa = PBXBuildFile; fileRef = NN2100100000000000000001 /* StyleExtractor.swift */; };
		OO1100100000000000000001 /* StyleDivergenceTests.swift in Sources */ = {isa = PBXBuildFile; fileRef = OO2100100000000000000001 /* StyleDivergenceTests.swift */; };
		PP1100100000000000000001 /* PendingReinforcementStore.swift in Sources */ = {isa = PBXBuildFile; fileRef = PP2100100000000000000001 /* PendingReinforcementStore.swift */; };
		QQ1100100000000000000001 /* PendingReinforcementTests.swift in Sources */ = {isa = PBXBuildFile; fileRef = QQ2100100000000000000001 /* PendingReinforcementTests.swift */; };
		RR1100100000000000000001 /* DeviceInstallID.swift in Sources */ = {isa = PBXBuildFile; fileRef = RR2100100000000000000001 /* DeviceInstallID.swift */; };
		SS1100100000000000000001 /* BurgundyAPI.swift in Sources */ = {isa = PBXBuildFile; fileRef = SS2100100000000000000001 /* BurgundyAPI.swift */; };
		TT1100100000000000000001 /* BurgundyAPITests.swift in Sources */ = {isa = PBXBuildFile; fileRef = TT2100100000000000000001 /* BurgundyAPITests.swift */; };
		UU1100100000000000000001 /* IdentityDebugView.swift in Sources */ = {isa = PBXBuildFile; fileRef = UU2100100000000000000001 /* IdentityDebugView.swift */; };
/* End PBXBuildFile section */

/* Begin PBXContainerItemProxy section */
		A30001000000000000000001 /* PBXContainerItemProxy */ = {
			isa = PBXContainerItemProxy;
			containerPortal = A40001000000000000000001 /* Project object */;
			proxyType = 1;
			remoteGlobalIDString = A50001000000000000000001;
			remoteInfo = TasteMatch;
		};
/* End PBXContainerItemProxy section */

/* Begin PBXFileReference section */
		345E6421A33BBF48B4B8E5CB /* Brand.swift */ = {isa = PBXFileReference; lastKnownFileType = sourcecode.swift; path = Brand.swift; sourceTree = "<group>"; };
		7DC7E7BF2F42C0BC0015B135 /* EngineRootView.swift */ = {isa = PBXFileReference; lastKnownFileType = sourcecode.swift; path = EngineRootView.swift; sourceTree = "<group>"; };
		A20001000000000000000001 /* TasteMatchApp.swift */ = {isa = PBXFileReference; lastKnownFileType = sourcecode.swift; path = TasteMatchApp.swift; sourceTree = "<group>"; };
		A20002000000000000000002 /* AnalyzingView.swift */ = {isa = PBXFileReference; lastKnownFileType = sourcecode.swift; path = AnalyzingView.swift; sourceTree = "<group>"; };
		A20003000000000000000003 /* APIClient.swift */ = {isa = PBXFileReference; lastKnownFileType = sourcecode.swift; path = APIClient.swift; sourceTree = "<group>"; };
		A20004000000000000000004 /* CompareScreen.swift */ = {isa = PBXFileReference; lastKnownFileType = sourcecode.swift; path = CompareScreen.swift; sourceTree = "<group>"; };
		A20005000000000000000005 /* ContextScreen.swift */ = {isa = PBXFileReference; lastKnownFileType = sourcecode.swift; path = ContextScreen.swift; sourceTree = "<group>"; };
		A20006000000000000000006 /* EventLogger.swift */ = {isa = PBXFileReference; lastKnownFileType = sourcecode.swift; path = EventLogger.swift; sourceTree = "<group>"; };
		A20007000000000000000007 /* EvolutionScreen.swift */ = {isa = PBXFileReference; lastKnownFileType = sourcecode.swift; path = EvolutionScreen.swift; sourceTree = "<group>"; };
		A20008000000000000000008 /* FavoritesScreen.swift */ = {isa = PBXFileReference; lastKnownFileType = sourcecode.swift; path = FavoritesScreen.swift; sourceTree = "<group>"; };
		A20009000000000000000009 /* FavoritesStore.swift */ = {isa = PBXFileReference; lastKnownFileType = sourcecode.swift; path = FavoritesStore.swift; sourceTree = "<group>"; };
		A2000A00000000000000000A /* Haptics.swift */ = {isa = PBXFileReference; lastKnownFileType = sourcecode.swift; path = Haptics.swift; sourceTree = "<group>"; };
		A2000B00000000000000000B /* HistoryScreen.swift */ = {isa = PBXFileReference; lastKnownFileType = sourcecode.swift; path = HistoryScreen.swift; sourceTree = "<group>"; };
		A2000C00000000000000000C /* MockCatalog.swift */ = {isa = PBXFileReference; lastKnownFileType = sourcecode.swift; path = MockCatalog.swift; sourceTree = "<group>"; };
		A2000D00000000000000000D /* Models.swift */ = {isa = PBXFileReference; lastKnownFileType = sourcecode.swift; path = Models.swift; sourceTree = "<group>"; };
		A2000E00000000000000000E /* OnboardingScreen.swift */ = {isa = PBXFileReference; lastKnownFileType = sourcecode.swift; path = OnboardingScreen.swift; sourceTree = "<group>"; };
		A2000F00000000000000000F /* ProfileStore.swift */ = {isa = PBXFileReference; lastKnownFileType = sourcecode.swift; path = ProfileStore.swift; sourceTree = "<group>"; };
		A20010000000000000000010 /* RecommendationDetailScreen.swift */ = {isa = PBXFileReference; lastKnownFileType = sourcecode.swift; path = RecommendationDetailScreen.swift; sourceTree = "<group>"; };
		A20011000000000000000011 /* RecommendationEngine.swift */ = {isa = PBXFileReference; lastKnownFileType = sourcecode.swift; path = RecommendationEngine.swift; sourceTree = "<group>"; };
		A20012000000000000000012 /* ResultScreen.swift */ = {isa = PBXFileReference; lastKnownFileType = sourcecode.swift; path = ResultScreen.swift; sourceTree = "<group>"; };
		A20013000000000000000013 /* SettingsScreen.swift */ = {isa = PBXFileReference; lastKnownFileType = sourcecode.swift; path = SettingsScreen.swift; sourceTree = "<group>"; };
		A20014000000000000000014 /* SignalExtractor.swift */ = {isa = PBXFileReference; lastKnownFileType = sourcecode.swift; path = SignalExtractor.swift; sourceTree = "<group>"; };
		A20015000000000000000015 /* TasteBadge.swift */ = {isa = PBXFileReference; lastKnownFileType = sourcecode.swift; path = TasteBadge.swift; sourceTree = "<group>"; };
		A20016000000000000000016 /* TasteCardView.swift */ = {isa = PBXFileReference; lastKnownFileType = sourcecode.swift; path = TasteCardView.swift; sourceTree = "<group>"; };
		A20017000000000000000017 /* TasteEngine.swift */ = {isa = PBXFileReference; lastKnownFileType = sourcecode.swift; path = TasteEngine.swift; sourceTree = "<group>"; };
		A20018000000000000000018 /* Theme.swift */ = {isa = PBXFileReference; lastKnownFileType = sourcecode.swift; path = Theme.swift; sourceTree = "<group>"; };
		A20019000000000000000019 /* UploadScreen.swift */ = {isa = PBXFileReference; lastKnownFileType = sourcecode.swift; path = UploadScreen.swift; sourceTree = "<group>"; };
		A2001A00000000000000001A /* Assets.xcassets */ = {isa = PBXFileReference; lastKnownFileType = folder.assetcatalog; path = Assets.xcassets; sourceTree = "<group>"; };
		A2001B00000000000000001B /* TasteEngineTests.swift */ = {isa = PBXFileReference; lastKnownFileType = sourcecode.swift; path = TasteEngineTests.swift; sourceTree = "<group>"; };
		A2001C00000000000000001C /* RecommendationEngineTests.swift */ = {isa = PBXFileReference; lastKnownFileType = sourcecode.swift; path = RecommendationEngineTests.swift; sourceTree = "<group>"; };
		A2001D00000000000000001D /* ProfileStoreTests.swift */ = {isa = PBXFileReference; lastKnownFileType = sourcecode.swift; path = ProfileStoreTests.swift; sourceTree = "<group>"; };
		A2001E00000000000000001E /* Info.plist */ = {isa = PBXFileReference; lastKnownFileType = text.plist.xml; path = Info.plist; sourceTree = "<group>"; };
		A60001000000000000000001 /* TasteMatch.app */ = {isa = PBXFileReference; explicitFileType = wrapper.application; includeInIndex = 0; path = TasteMatch.app; sourceTree = BUILT_PRODUCTS_DIR; };
		A60002000000000000000002 /* TasteMatchTests.xctest */ = {isa = PBXFileReference; explicitFileType = wrapper.cfbundle; includeInIndex = 0; path = TasteMatchTests.xctest; sourceTree = BUILT_PRODUCTS_DIR; };
		B21001000000000000000001 /* DesignTipsEngine.swift */ = {isa = PBXFileReference; lastKnownFileType = sourcecode.swift; path = DesignTipsEngine.swift; sourceTree = "<group>"; };
		B21002000000000000000002 /* AboutScreen.swift */ = {isa = PBXFileReference; lastKnownFileType = sourcecode.swift; path = AboutScreen.swift; sourceTree = "<group>"; };
		B21003000000000000000003 /* ShareTextBuilder.swift */ = {isa = PBXFileReference; lastKnownFileType = sourcecode.swift; path = ShareTextBuilder.swift; sourceTree = "<group>"; };
		B21004000000000000000004 /* DesignTipsEngineTests.swift */ = {isa = PBXFileReference; lastKnownFileType = sourcecode.swift; path = DesignTipsEngineTests.swift; sourceTree = "<group>"; };
		B21005000000000000000005 /* TasteBadgeTests.swift */ = {isa = PBXFileReference; lastKnownFileType = sourcecode.swift; path = TasteBadgeTests.swift; sourceTree = "<group>"; };
		B21006000000000000000006 /* ShareTextTests.swift */ = {isa = PBXFileReference; lastKnownFileType = sourcecode.swift; path = ShareTextTests.swift; sourceTree = "<group>"; };
		C21001000000000000000001 /* CatalogLoader.swift */ = {isa = PBXFileReference; lastKnownFileType = sourcecode.swift; path = CatalogLoader.swift; sourceTree = "<group>"; };
		C21002000000000000000002 /* catalog.json */ = {isa = PBXFileReference; lastKnownFileType = text.json; path = catalog.json; sourceTree = "<group>"; };
		D21001000000000000000001 /* TasteVector.swift */ = {isa = PBXFileReference; lastKnownFileType = sourcecode.swift; path = TasteVector.swift; sourceTree = "<group>"; };
		D21002000000000000000002 /* CalibrationStore.swift */ = {isa = PBXFileReference; lastKnownFileType = sourcecode.swift; path = CalibrationStore.swift; sourceTree = "<group>"; };
		D21003000000000000000003 /* SwipeDeckView.swift */ = {isa = PBXFileReference; lastKnownFileType = sourcecode.swift; path = SwipeDeckView.swift; sourceTree = "<group>"; };
		D21004000000000000000004 /* TasteCalibrationScreen.swift */ = {isa = PBXFileReference; lastKnownFileType = sourcecode.swift; path = TasteCalibrationScreen.swift; sourceTree = "<group>"; };
		D21005000000000000000005 /* CalibrationTests.swift */ = {isa = PBXFileReference; lastKnownFileType = sourcecode.swift; path = CalibrationTests.swift; sourceTree = "<group>"; };
		E21001000000000000000001 /* BoardScreen.swift */ = {isa = PBXFileReference; lastKnownFileType = sourcecode.swift; path = BoardScreen.swift; sourceTree = "<group>"; };
		F21001000000000000000001 /* ProfileNaming.swift */ = {isa = PBXFileReference; lastKnownFileType = sourcecode.swift; path = ProfileNaming.swift; sourceTree = "<group>"; };
		F21002000000000000000002 /* ProfileNamingTests.swift */ = {isa = PBXFileReference; lastKnownFileType = sourcecode.swift; path = ProfileNamingTests.swift; sourceTree = "<group>"; };
		G21001000000000000000001 /* DiscoveryFeed.swift */ = {isa = PBXFileReference; lastKnownFileType = sourcecode.swift; path = DiscoveryFeed.swift; sourceTree = "<group>"; };
		H21001000000000000000001 /* DiscoveryEngine.swift */ = {isa = PBXFileReference; lastKnownFileType = sourcecode.swift; path = DiscoveryEngine.swift; sourceTree = "<group>"; };
		H21002000000000000000002 /* discovery.json */ = {isa = PBXFileReference; lastKnownFileType = text.json; path = discovery.json; sourceTree = "<group>"; };
		H21003000000000000000003 /* DiscoveryEngineTests.swift */ = {isa = PBXFileReference; lastKnownFileType = sourcecode.swift; path = DiscoveryEngineTests.swift; sourceTree = "<group>"; };
		I21001000000000000000001 /* DiscoveryItem.swift */ = {isa = PBXFileReference; lastKnownFileType = sourcecode.swift; path = DiscoveryItem.swift; sourceTree = "<group>"; };
		I21002000000000000000002 /* DiscoveryLoader.swift */ = {isa = PBXFileReference; lastKnownFileType = sourcecode.swift; path = DiscoveryLoader.swift; sourceTree = "<group>"; };
		I21003000000000000000003 /* DiscoverySignalStore.swift */ = {isa = PBXFileReference; lastKnownFileType = sourcecode.swift; path = DiscoverySignalStore.swift; sourceTree = "<group>"; };
		I21004000000000000000004 /* DiscoveryCacheStore.swift */ = {isa = PBXFileReference; lastKnownFileType = sourcecode.swift; path = DiscoveryCacheStore.swift; sourceTree = "<group>"; };
		I21005000000000000000005 /* discovery_space.ndjson */ = {isa = PBXFileReference; lastKnownFileType = text; path = discovery_space.ndjson; sourceTree = "<group>"; };
		I21006000000000000000006 /* DiscoverySignalStoreTests.swift */ = {isa = PBXFileReference; lastKnownFileType = sourcecode.swift; path = DiscoverySignalStoreTests.swift; sourceTree = "<group>"; };
		J21001000000000000000001 /* AxisPresentation.swift */ = {isa = PBXFileReference; lastKnownFileType = sourcecode.swift; path = AxisPresentation.swift; sourceTree = "<group>"; };
		J21002000000000000000002 /* AxisPresentationTests.swift */ = {isa = PBXFileReference; lastKnownFileType = sourcecode.swift; path = AxisPresentationTests.swift; sourceTree = "<group>"; };
		K21001000000000000000001 /* MaterialShopSheet.swift */ = {isa = PBXFileReference; lastKnownFileType = sourcecode.swift; path = MaterialShopSheet.swift; sourceTree = "<group>"; };
		K21002000000000000000002 /* AxisMappingTests.swift */ = {isa = PBXFileReference; lastKnownFileType = sourcecode.swift; path = AxisMappingTests.swift; sourceTree = "<group>"; };
		L21001000000000000000001 /* commerce_space.json */ = {isa = PBXFileReference; lastKnownFileType = text.json; path = commerce_space.json; sourceTree = "<group>"; };
		L21002000000000000000002 /* CommerceProviderTests.swift */ = {isa = PBXFileReference; lastKnownFileType = sourcecode.swift; path = CommerceProviderTests.swift; sourceTree = "<group>"; };
		L21003000000000000000003 /* CommerceRankingTests.swift */ = {isa = PBXFileReference; lastKnownFileType = sourcecode.swift; path = CommerceRankingTests.swift; sourceTree = "<group>"; };
		M21001000000000000000001 /* ShopScreen.swift */ = {isa = PBXFileReference; lastKnownFileType = sourcecode.swift; path = ShopScreen.swift; sourceTree = "<group>"; };
		M21002000000000000000002 /* ShopScreenTests.swift */ = {isa = PBXFileReference; lastKnownFileType = sourcecode.swift; path = ShopScreenTests.swift; sourceTree = "<group>"; };
		N21001000000000000000001 /* CachedImage.swift */ = {isa = PBXFileReference; lastKnownFileType = sourcecode.swift; path = CachedImage.swift; sourceTree = "<group>"; };
		N21002000000000000000002 /* FeatureFlags.swift */ = {isa = PBXFileReference; lastKnownFileType = sourcecode.swift; path = FeatureFlags.swift; sourceTree = "<group>"; };
		N21003000000000000000003 /* NetworkModels.swift */ = {isa = PBXFileReference; lastKnownFileType = sourcecode.swift; path = NetworkModels.swift; sourceTree = "<group>"; };
		N21004000000000000000004 /* BackendClient.swift */ = {isa = PBXFileReference; lastKnownFileType = sourcecode.swift; path = BackendClient.swift; sourceTree = "<group>"; };
		N21005000000000000000005 /* CachedImageTests.swift */ = {isa = PBXFileReference; lastKnownFileType = sourcecode.swift; path = CachedImageTests.swift; sourceTree = "<group>"; };
		N21006000000000000000006 /* NetworkModelTests.swift */ = {isa = PBXFileReference; lastKnownFileType = sourcecode.swift; path = NetworkModelTests.swift; sourceTree = "<group>"; };
		N21007000000000000000007 /* BackendClientTests.swift */ = {isa = PBXFileReference; lastKnownFileType = sourcecode.swift; path = BackendClientTests.swift; sourceTree = "<group>"; };
		P21001000000000000000001 /* MyProfileScreen.swift */ = {isa = PBXFileReference; lastKnownFileType = sourcecode.swift; path = MyProfileScreen.swift; sourceTree = "<group>"; };
		P21002000000000000000002 /* RadarChart.swift */ = {isa = PBXFileReference; lastKnownFileType = sourcecode.swift; path = RadarChart.swift; sourceTree = "<group>"; };
		P21003000000000000000003 /* MyProfileScreenTests.swift */ = {isa = PBXFileReference; lastKnownFileType = sourcecode.swift; path = MyProfileScreenTests.swift; sourceTree = "<group>"; };
		P21004000000000000000004 /* RadarChartTests.swift */ = {isa = PBXFileReference; lastKnownFileType = sourcecode.swift; path = RadarChartTests.swift; sourceTree = "<group>"; };
		Q21001000000000000000001 /* Domain.swift */ = {isa = PBXFileReference; lastKnownFileType = sourcecode.swift; path = Domain.swift; sourceTree = "<group>"; };
		Q21002000000000000000002 /* DomainCatalog.swift */ = {isa = PBXFileReference; lastKnownFileType = sourcecode.swift; path = DomainCatalog.swift; sourceTree = "<group>"; };
		Q21003000000000000000003 /* DomainDiscovery.swift */ = {isa = PBXFileReference; lastKnownFileType = sourcecode.swift; path = DomainDiscovery.swift; sourceTree = "<group>"; };
		Q21004000000000000000004 /* DomainNaming.swift */ = {isa = PBXFileReference; lastKnownFileType = sourcecode.swift; path = DomainNaming.swift; sourceTree = "<group>"; };
		Q21005000000000000000005 /* ArtRankingEngine.swift */ = {isa = PBXFileReference; lastKnownFileType = sourcecode.swift; path = ArtRankingEngine.swift; sourceTree = "<group>"; };
		Q21006000000000000000006 /* commerce_objects.json */ = {isa = PBXFileReference; lastKnownFileType = text.json; path = commerce_objects.json; sourceTree = "<group>"; };
		Q21007000000000000000007 /* commerce_art.json */ = {isa = PBXFileReference; lastKnownFileType = text.json; path = commerce_art.json; sourceTree = "<group>"; };
		Q21008000000000000000008 /* discovery_objects.ndjson */ = {isa = PBXFileReference; lastKnownFileType = text; path = discovery_objects.ndjson; sourceTree = "<group>"; };
		Q21009000000000000000009 /* discovery_art.ndjson */ = {isa = PBXFileReference; lastKnownFileType = text; path = discovery_art.ndjson; sourceTree = "<group>"; };
		Q2100A00000000000000000A /* DomainInventoryTests.swift */ = {isa = PBXFileReference; lastKnownFileType = sourcecode.swift; path = DomainInventoryTests.swift; sourceTree = "<group>"; };
		Q2100B00000000000000000B /* DomainNamingTests.swift */ = {isa = PBXFileReference; lastKnownFileType = sourcecode.swift; path = DomainNamingTests.swift; sourceTree = "<group>"; };
		Q2100C00000000000000000C /* ArtRarityRankingTests.swift */ = {isa = PBXFileReference; lastKnownFileType = sourcecode.swift; path = ArtRarityRankingTests.swift; sourceTree = "<group>"; };
		R21001000000000000000001 /* DomainPreferencesStore.swift */ = {isa = PBXFileReference; lastKnownFileType = sourcecode.swift; path = DomainPreferencesStore.swift; sourceTree = "<group>"; };
		R21002000000000000000002 /* GoalSelectionScreen.swift */ = {isa = PBXFileReference; lastKnownFileType = sourcecode.swift; path = GoalSelectionScreen.swift; sourceTree = "<group>"; };
		R21003000000000000000003 /* DomainLayout.swift */ = {isa = PBXFileReference; lastKnownFileType = sourcecode.swift; path = DomainLayout.swift; sourceTree = "<group>"; };
		R21004000000000000000004 /* DomainPreferencesStoreTests.swift */ = {isa = PBXFileReference; lastKnownFileType = sourcecode.swift; path = DomainPreferencesStoreTests.swift; sourceTree = "<group>"; };
		R21005000000000000000005 /* DomainEnablementTests.swift */ = {isa = PBXFileReference; lastKnownFileType = sourcecode.swift; path = DomainEnablementTests.swift; sourceTree = "<group>"; };
		S21001000000000000000001 /* ObjectVector.swift */ = {isa = PBXFileReference; lastKnownFileType = sourcecode.swift; path = ObjectVector.swift; sourceTree = "<group>"; };
		S21002000000000000000002 /* ObjectCalibrationStore.swift */ = {isa = PBXFileReference; lastKnownFileType = sourcecode.swift; path = ObjectCalibrationStore.swift; sourceTree = "<group>"; };
		S21003000000000000000003 /* ObjectsCalibrationScreen.swift */ = {isa = PBXFileReference; lastKnownFileType = sourcecode.swift; path = ObjectsCalibrationScreen.swift; sourceTree = "<group>"; };
		S21004000000000000000004 /* ObjectArchetype.swift */ = {isa = PBXFileReference; lastKnownFileType = sourcecode.swift; path = ObjectArchetype.swift; sourceTree = "<group>"; };
		S21005000000000000000005 /* ObjectsRankingEngine.swift */ = {isa = PBXFileReference; lastKnownFileType = sourcecode.swift; path = ObjectsRankingEngine.swift; sourceTree = "<group>"; };
		S21006000000000000000006 /* ObjectAxisPresentation.swift */ = {isa = PBXFileReference; lastKnownFileType = sourcecode.swift; path = ObjectAxisPresentation.swift; sourceTree = "<group>"; };
		S21007000000000000000007 /* ObjectVectorTests.swift */ = {isa = PBXFileReference; lastKnownFileType = sourcecode.swift; path = ObjectVectorTests.swift; sourceTree = "<group>"; };
		S21008000000000000000008 /* ObjectNamingTests.swift */ = {isa = PBXFileReference; lastKnownFileType = sourcecode.swift; path = ObjectNamingTests.swift; sourceTree = "<group>"; };
		S21009000000000000000009 /* ArchetypeDuelTests.swift */ = {isa = PBXFileReference; lastKnownFileType = sourcecode.swift; path = ArchetypeDuelTests.swift; sourceTree = "<group>"; };
		S2100A00000000000000000A /* ObjectsRankingTests.swift */ = {isa = PBXFileReference; lastKnownFileType = sourcecode.swift; path = ObjectsRankingTests.swift; sourceTree = "<group>"; };
		S2100B00000000000000000B /* AdvisoryPolicy.swift */ = {isa = PBXFileReference; lastKnownFileType = sourcecode.swift; path = AdvisoryPolicy.swift; sourceTree = "<group>"; };
		S2100C00000000000000000C /* TasteConflictEngine.swift */ = {isa = PBXFileReference; lastKnownFileType = sourcecode.swift; path = TasteConflictEngine.swift; sourceTree = "<group>"; };
		S2100D00000000000000000D /* AdvisorySettings.swift */ = {isa = PBXFileReference; lastKnownFileType = sourcecode.swift; path = AdvisorySettings.swift; sourceTree = "<group>"; };
		S2100E00000000000000000E /* TasteGuardSheet.swift */ = {isa = PBXFileReference; lastKnownFileType = sourcecode.swift; path = TasteGuardSheet.swift; sourceTree = "<group>"; };
		S2100F00000000000000000F /* TasteConflictEngineTests.swift */ = {isa = PBXFileReference; lastKnownFileType = sourcecode.swift; path = TasteConflictEngineTests.swift; sourceTree = "<group>"; };
		S21010000000000000000010 /* AdvisorySignalStore.swift */ = {isa = PBXFileReference; lastKnownFileType = sourcecode.swift; path = AdvisorySignalStore.swift; sourceTree = "<group>"; };
		S21011000000000000000011 /* AdvisoryToleranceStore.swift */ = {isa = PBXFileReference; lastKnownFileType = sourcecode.swift; path = AdvisoryToleranceStore.swift; sourceTree = "<group>"; };
		S21012000000000000000012 /* ObjectAdvisory.swift */ = {isa = PBXFileReference; lastKnownFileType = sourcecode.swift; path = ObjectAdvisory.swift; sourceTree = "<group>"; };
		S21013000000000000000013 /* AdvisoryToleranceTests.swift */ = {isa = PBXFileReference; lastKnownFileType = sourcecode.swift; path = AdvisoryToleranceTests.swift; sourceTree = "<group>"; };
		T21001000000000000000001 /* DomainCopy.swift */ = {isa = PBXFileReference; lastKnownFileType = sourcecode.swift; path = DomainCopy.swift; sourceTree = "<group>"; };
		T21002000000000000000002 /* DomainCopyTests.swift */ = {isa = PBXFileReference; lastKnownFileType = sourcecode.swift; path = DomainCopyTests.swift; sourceTree = "<group>"; };
		U21001000000000000000001 /* DecisionStore.swift */ = {isa = PBXFileReference; lastKnownFileType = sourcecode.swift; path = DecisionStore.swift; sourceTree = "<group>"; };
		V21001000000000000000001 /* EngineResultScreen.swift */ = {isa = PBXFileReference; lastKnownFileType = sourcecode.swift; path = EngineResultScreen.swift; sourceTree = "<group>"; };
		W21001000000000000000001 /* SwipeOnboardingView.swift */ = {isa = PBXFileReference; lastKnownFileType = sourcecode.swift; path = SwipeOnboardingView.swift; sourceTree = "<group>"; };
		X21001000000000000000001 /* IdentityRevealView.swift */ = {isa = PBXFileReference; lastKnownFileType = sourcecode.swift; path = IdentityRevealView.swift; sourceTree = "<group>"; };
		Y21001000000000000000001 /* IdentityHomeView.swift */ = {isa = PBXFileReference; lastKnownFileType = sourcecode.swift; path = IdentityHomeView.swift; sourceTree = "<group>"; };
		Z21001000000000000000001 /* StyleSeedDeck.swift */ = {isa = PBXFileReference; lastKnownFileType = sourcecode.swift; path = StyleSeedDeck.swift; sourceTree = "<group>"; };
		AA2100100000000000000001 /* IdentityFitsCatalog.swift */ = {isa = PBXFileReference; lastKnownFileType = sourcecode.swift; path = IdentityFitsCatalog.swift; sourceTree = "<group>"; };
		BB2100100000000000000001 /* TasteIdentity.swift */ = {isa = PBXFileReference; lastKnownFileType = sourcecode.swift; path = TasteIdentity.swift; sourceTree = "<group>"; };
		CC2100100000000000000001 /* TasteEvaluatedObject.swift */ = {isa = PBXFileReference; lastKnownFileType = sourcecode.swift; path = TasteEvaluatedObject.swift; sourceTree = "<group>"; };
		DD2100100000000000000001 /* ScoringService.swift */ = {isa = PBXFileReference; lastKnownFileType = sourcecode.swift; path = ScoringService.swift; sourceTree = "<group>"; };
		EE2100100000000000000001 /* ReinforcementService.swift */ = {isa = PBXFileReference; lastKnownFileType = sourcecode.swift; path = ReinforcementService.swift; sourceTree = "<group>"; };
		FF2100100000000000000001 /* IdentityStore.swift */ = {isa = PBXFileReference; lastKnownFileType = sourcecode.swift; path = IdentityStore.swift; sourceTree = "<group>"; };
		GG2100100000000000000001 /* TasteEventStore.swift */ = {isa = PBXFileReference; lastKnownFileType = sourcecode.swift; path = TasteEventStore.swift; sourceTree = "<group>"; };
		HH2100100000000000000001 /* ItemEvaluationScreen.swift */ = {isa = PBXFileReference; lastKnownFileType = sourcecode.swift; path = ItemEvaluationScreen.swift; sourceTree = "<group>"; };
		II2100100000000000000001 /* ScoringServiceTests.swift */ = {isa = PBXFileReference; lastKnownFileType = sourcecode.swift; path = ScoringServiceTests.swift; sourceTree = "<group>"; };
		JJ2100100000000000000001 /* ReinforcementServiceTests.swift */ = {isa = PBXFileReference; lastKnownFileType = sourcecode.swift; path = ReinforcementServiceTests.swift; sourceTree = "<group>"; };
		KK2100100000000000000001 /* StyleSignals.swift */ = {isa = PBXFileReference; lastKnownFileType = sourcecode.swift; path = StyleSignals.swift; sourceTree = "<group>"; };
		LL2100100000000000000001 /* StyleEmbedding.swift */ = {isa = PBXFileReference; lastKnownFileType = sourcecode.swift; path = StyleEmbedding.swift; sourceTree = "<group>"; };
		MM2100100000000000000001 /* EmbeddingProjector.swift */ = {isa = PBXFileReference; lastKnownFileType = sourcecode.swift; path = EmbeddingProjector.swift; sourceTree = "<group>"; };
		NN2100100000000000000001 /* StyleExtractor.swift */ = {isa = PBXFileReference; lastKnownFileType = sourcecode.swift; path = StyleExtractor.swift; sourceTree = "<group>"; };
		OO2100100000000000000001 /* StyleDivergenceTests.swift */ = {isa = PBXFileReference; lastKnownFileType = sourcecode.swift; path = StyleDivergenceTests.swift; sourceTree = "<group>"; };
		PP2100100000000000000001 /* PendingReinforcementStore.swift */ = {isa = PBXFileReference; lastKnownFileType = sourcecode.swift; path = PendingReinforcementStore.swift; sourceTree = "<group>"; };
		QQ2100100000000000000001 /* PendingReinforcementTests.swift */ = {isa = PBXFileReference; lastKnownFileType = sourcecode.swift; path = PendingReinforcementTests.swift; sourceTree = "<group>"; };
		RR2100100000000000000001 /* DeviceInstallID.swift */ = {isa = PBXFileReference; lastKnownFileType = sourcecode.swift; path = DeviceInstallID.swift; sourceTree = "<group>"; };
		SS2100100000000000000001 /* BurgundyAPI.swift */ = {isa = PBXFileReference; lastKnownFileType = sourcecode.swift; path = BurgundyAPI.swift; sourceTree = "<group>"; };
		TT2100100000000000000001 /* BurgundyAPITests.swift */ = {isa = PBXFileReference; lastKnownFileType = sourcecode.swift; path = BurgundyAPITests.swift; sourceTree = "<group>"; };
		UU2100100000000000000001 /* IdentityDebugView.swift */ = {isa = PBXFileReference; lastKnownFileType = sourcecode.swift; path = IdentityDebugView.swift; sourceTree = "<group>"; };
		XCFG000000000000000001 /* Config.local.xcconfig */ = {isa = PBXFileReference; lastKnownFileType = text.xcconfig; path = Config.local.xcconfig; sourceTree = SOURCE_ROOT; };
/* End PBXFileReference section */

/* Begin PBXFrameworksBuildPhase section */
		A70001000000000000000001 /* Frameworks */ = {
			isa = PBXFrameworksBuildPhase;
			buildActionMask = 2147483647;
			files = (
			);
			runOnlyForDeploymentPostprocessing = 0;
		};
		A70002000000000000000002 /* Frameworks */ = {
			isa = PBXFrameworksBuildPhase;
			buildActionMask = 2147483647;
			files = (
			);
			runOnlyForDeploymentPostprocessing = 0;
		};
/* End PBXFrameworksBuildPhase section */

/* Begin PBXGroup section */
		A80001000000000000000001 = {
			isa = PBXGroup;
			children = (
				A80002000000000000000002 /* TasteMatch */,
				A80003000000000000000003 /* TasteMatchTests */,
				A80004000000000000000004 /* Products */,
			);
			sourceTree = "<group>";
		};
		A80002000000000000000002 /* TasteMatch */ = {
			isa = PBXGroup;
			children = (
				A20001000000000000000001 /* TasteMatchApp.swift */,
				B21002000000000000000002 /* AboutScreen.swift */,
				A20002000000000000000002 /* AnalyzingView.swift */,
				Q21005000000000000000005 /* ArtRankingEngine.swift */,
				J21001000000000000000001 /* AxisPresentation.swift */,
				E21001000000000000000001 /* BoardScreen.swift */,
				A20003000000000000000003 /* APIClient.swift */,
				N21004000000000000000004 /* BackendClient.swift */,
				345E6421A33BBF48B4B8E5CB /* Brand.swift */,
				N21001000000000000000001 /* CachedImage.swift */,
				D21002000000000000000002 /* CalibrationStore.swift */,
				C21002000000000000000002 /* catalog.json */,
				C21001000000000000000001 /* CatalogLoader.swift */,
				A20004000000000000000004 /* CompareScreen.swift */,
				Q21007000000000000000007 /* commerce_art.json */,
				Q21006000000000000000006 /* commerce_objects.json */,
				L21001000000000000000001 /* commerce_space.json */,
				A20005000000000000000005 /* ContextScreen.swift */,
				U21001000000000000000001 /* DecisionStore.swift */,
				I21004000000000000000004 /* DiscoveryCacheStore.swift */,
				H21001000000000000000001 /* DiscoveryEngine.swift */,
				G21001000000000000000001 /* DiscoveryFeed.swift */,
				I21001000000000000000001 /* DiscoveryItem.swift */,
				I21002000000000000000002 /* DiscoveryLoader.swift */,
				I21003000000000000000003 /* DiscoverySignalStore.swift */,
				H21002000000000000000002 /* discovery.json */,
				Q21009000000000000000009 /* discovery_art.ndjson */,
				Q21008000000000000000008 /* discovery_objects.ndjson */,
				I21005000000000000000005 /* discovery_space.ndjson */,
				B21001000000000000000001 /* DesignTipsEngine.swift */,
				Q21001000000000000000001 /* Domain.swift */,
				Q21002000000000000000002 /* DomainCatalog.swift */,
				T21001000000000000000001 /* DomainCopy.swift */,
				Q21003000000000000000003 /* DomainDiscovery.swift */,
				R21003000000000000000003 /* DomainLayout.swift */,
				Q21004000000000000000004 /* DomainNaming.swift */,
				R21001000000000000000001 /* DomainPreferencesStore.swift */,
				V21001000000000000000001 /* EngineResultScreen.swift */,
				7DC7E7BF2F42C0BC0015B135 /* EngineRootView.swift */,
				Y21001000000000000000001 /* IdentityHomeView.swift */,
				X21001000000000000000001 /* IdentityRevealView.swift */,
				A20006000000000000000006 /* EventLogger.swift */,
				A20007000000000000000007 /* EvolutionScreen.swift */,
				N21002000000000000000002 /* FeatureFlags.swift */,
				A20008000000000000000008 /* FavoritesScreen.swift */,
				A20009000000000000000009 /* FavoritesStore.swift */,
				R21002000000000000000002 /* GoalSelectionScreen.swift */,
				A2000A00000000000000000A /* Haptics.swift */,
				A2000B00000000000000000B /* HistoryScreen.swift */,
				K21001000000000000000001 /* MaterialShopSheet.swift */,
				A2000C00000000000000000C /* MockCatalog.swift */,
				A2000D00000000000000000D /* Models.swift */,
				P21001000000000000000001 /* MyProfileScreen.swift */,
				N21003000000000000000003 /* NetworkModels.swift */,
				S21004000000000000000004 /* ObjectArchetype.swift */,
				S21006000000000000000006 /* ObjectAxisPresentation.swift */,
				S21002000000000000000002 /* ObjectCalibrationStore.swift */,
				S21003000000000000000003 /* ObjectsCalibrationScreen.swift */,
				S21005000000000000000005 /* ObjectsRankingEngine.swift */,
				S21001000000000000000001 /* ObjectVector.swift */,
				A2000E00000000000000000E /* OnboardingScreen.swift */,
				F21001000000000000000001 /* ProfileNaming.swift */,
				A2000F00000000000000000F /* ProfileStore.swift */,
				A20010000000000000000010 /* RecommendationDetailScreen.swift */,
				A20011000000000000000011 /* RecommendationEngine.swift */,
				P21002000000000000000002 /* RadarChart.swift */,
				A20012000000000000000012 /* ResultScreen.swift */,
				A20013000000000000000013 /* SettingsScreen.swift */,
				Z21001000000000000000001 /* StyleSeedDeck.swift */,
				AA2100100000000000000001 /* IdentityFitsCatalog.swift */,
				M21001000000000000000001 /* ShopScreen.swift */,
				B21003000000000000000003 /* ShareTextBuilder.swift */,
				A20014000000000000000014 /* SignalExtractor.swift */,
				S2100B00000000000000000B /* AdvisoryPolicy.swift */,
				S2100D00000000000000000D /* AdvisorySettings.swift */,
				S21010000000000000000010 /* AdvisorySignalStore.swift */,
				S21011000000000000000011 /* AdvisoryToleranceStore.swift */,
				S21012000000000000000012 /* ObjectAdvisory.swift */,
				S2100C00000000000000000C /* TasteConflictEngine.swift */,
				S2100E00000000000000000E /* TasteGuardSheet.swift */,
				D21003000000000000000003 /* SwipeDeckView.swift */,
				W21001000000000000000001 /* SwipeOnboardingView.swift */,
				A20015000000000000000015 /* TasteBadge.swift */,
				D21004000000000000000004 /* TasteCalibrationScreen.swift */,
				A20016000000000000000016 /* TasteCardView.swift */,
				A20017000000000000000017 /* TasteEngine.swift */,
				D21001000000000000000001 /* TasteVector.swift */,
				A20018000000000000000018 /* Theme.swift */,
				A20019000000000000000019 /* UploadScreen.swift */,
				BB2100100000000000000001 /* TasteIdentity.swift */,
				CC2100100000000000000001 /* TasteEvaluatedObject.swift */,
				DD2100100000000000000001 /* ScoringService.swift */,
				EE2100100000000000000001 /* ReinforcementService.swift */,
				FF2100100000000000000001 /* IdentityStore.swift */,
				GG2100100000000000000001 /* TasteEventStore.swift */,
				HH2100100000000000000001 /* ItemEvaluationScreen.swift */,
				KK2100100000000000000001 /* StyleSignals.swift */,
				LL2100100000000000000001 /* StyleEmbedding.swift */,
				MM2100100000000000000001 /* EmbeddingProjector.swift */,
				NN2100100000000000000001 /* StyleExtractor.swift */,
				PP2100100000000000000001 /* PendingReinforcementStore.swift */,
				RR2100100000000000000001 /* DeviceInstallID.swift */,
				SS2100100000000000000001 /* BurgundyAPI.swift */,
				UU2100100000000000000001 /* IdentityDebugView.swift */,
				A2001A00000000000000001A /* Assets.xcassets */,
				A2001E00000000000000001E /* Info.plist */,
			);
			path = TasteMatch;
			sourceTree = "<group>";
		};
		A80003000000000000000003 /* TasteMatchTests */ = {
			isa = PBXGroup;
			children = (
				S21013000000000000000013 /* AdvisoryToleranceTests.swift */,
				S21009000000000000000009 /* ArchetypeDuelTests.swift */,
				T21002000000000000000002 /* DomainCopyTests.swift */,
				Q2100C00000000000000000C /* ArtRarityRankingTests.swift */,
				K21002000000000000000002 /* AxisMappingTests.swift */,
				P21003000000000000000003 /* MyProfileScreenTests.swift */,
				P21004000000000000000004 /* RadarChartTests.swift */,
				J21002000000000000000002 /* AxisPresentationTests.swift */,
				N21007000000000000000007 /* BackendClientTests.swift */,
				N21005000000000000000005 /* CachedImageTests.swift */,
				D21005000000000000000005 /* CalibrationTests.swift */,
				L21002000000000000000002 /* CommerceProviderTests.swift */,
				L21003000000000000000003 /* CommerceRankingTests.swift */,
				B21004000000000000000004 /* DesignTipsEngineTests.swift */,
				R21005000000000000000005 /* DomainEnablementTests.swift */,
				Q2100A00000000000000000A /* DomainInventoryTests.swift */,
				Q2100B00000000000000000B /* DomainNamingTests.swift */,
				R21004000000000000000004 /* DomainPreferencesStoreTests.swift */,
				H21003000000000000000003 /* DiscoveryEngineTests.swift */,
				I21006000000000000000006 /* DiscoverySignalStoreTests.swift */,
				N21006000000000000000006 /* NetworkModelTests.swift */,
				S21008000000000000000008 /* ObjectNamingTests.swift */,
				S2100A00000000000000000A /* ObjectsRankingTests.swift */,
				S21007000000000000000007 /* ObjectVectorTests.swift */,
				F21002000000000000000002 /* ProfileNamingTests.swift */,
				A2001D00000000000000001D /* ProfileStoreTests.swift */,
				A2001C00000000000000001C /* RecommendationEngineTests.swift */,
				M21002000000000000000002 /* ShopScreenTests.swift */,
				B21006000000000000000006 /* ShareTextTests.swift */,
				B21005000000000000000005 /* TasteBadgeTests.swift */,
				A2001B00000000000000001B /* TasteEngineTests.swift */,
				S2100F00000000000000000F /* TasteConflictEngineTests.swift */,
				II2100100000000000000001 /* ScoringServiceTests.swift */,
				JJ2100100000000000000001 /* ReinforcementServiceTests.swift */,
				OO2100100000000000000001 /* StyleDivergenceTests.swift */,
				QQ2100100000000000000001 /* PendingReinforcementTests.swift */,
				TT2100100000000000000001 /* BurgundyAPITests.swift */,
			);
			path = TasteMatchTests;
			sourceTree = "<group>";
		};
		A80004000000000000000004 /* Products */ = {
			isa = PBXGroup;
			children = (
				A60001000000000000000001 /* TasteMatch.app */,
				A60002000000000000000002 /* TasteMatchTests.xctest */,
			);
			name = Products;
			sourceTree = "<group>";
		};
/* End PBXGroup section */

/* Begin PBXNativeTarget section */
		A50001000000000000000001 /* TasteMatch */ = {
			isa = PBXNativeTarget;
			buildConfigurationList = A90001000000000000000001 /* Build configuration list for PBXNativeTarget "TasteMatch" */;
			buildPhases = (
				AA0001000000000000000001 /* Sources */,
				A70001000000000000000001 /* Frameworks */,
				AB0001000000000000000001 /* Resources */,
			);
			buildRules = (
			);
			dependencies = (
			);
			name = TasteMatch;
			productName = TasteMatch;
			productReference = A60001000000000000000001 /* TasteMatch.app */;
			productType = "com.apple.product-type.application";
		};
		A50002000000000000000002 /* TasteMatchTests */ = {
			isa = PBXNativeTarget;
			buildConfigurationList = A90002000000000000000002 /* Build configuration list for PBXNativeTarget "TasteMatchTests" */;
			buildPhases = (
				AA0002000000000000000002 /* Sources */,
				A70002000000000000000002 /* Frameworks */,
				LB0001000000000000000001 /* Resources */,
			);
			buildRules = (
			);
			dependencies = (
				AC0001000000000000000001 /* PBXTargetDependency */,
			);
			name = TasteMatchTests;
			productName = TasteMatchTests;
			productReference = A60002000000000000000002 /* TasteMatchTests.xctest */;
			productType = "com.apple.product-type.bundle.unit-test";
		};
/* End PBXNativeTarget section */

/* Begin PBXProject section */
		A40001000000000000000001 /* Project object */ = {
			isa = PBXProject;
			attributes = {
				BuildIndependentTargetsInParallel = 1;
				LastSwiftUpdateCheck = 1540;
				LastUpgradeCheck = 1540;
				TargetAttributes = {
					A50001000000000000000001 = {
						CreatedOnToolsVersion = 15.4;
					};
					A50002000000000000000002 = {
						CreatedOnToolsVersion = 15.4;
						TestTargetID = A50001000000000000000001;
					};
				};
			};
			buildConfigurationList = AD0001000000000000000001 /* Build configuration list for PBXProject "TasteMatch" */;
			compatibilityVersion = "Xcode 14.0";
			developmentRegion = en;
			hasScannedForEncodings = 0;
			knownRegions = (
				en,
				Base,
			);
			mainGroup = A80001000000000000000001;
			productRefGroup = A80004000000000000000004 /* Products */;
			projectDirPath = "";
			projectRoot = "";
			targets = (
				A50001000000000000000001 /* TasteMatch */,
				A50002000000000000000002 /* TasteMatchTests */,
			);
		};
/* End PBXProject section */

/* Begin PBXResourcesBuildPhase section */
		AB0001000000000000000001 /* Resources */ = {
			isa = PBXResourcesBuildPhase;
			buildActionMask = 2147483647;
			files = (
				A1001A00000000000000001A /* Assets.xcassets in Resources */,
				C11002000000000000000002 /* catalog.json in Resources */,
				Q11007000000000000000007 /* commerce_art.json in Resources */,
				Q11006000000000000000006 /* commerce_objects.json in Resources */,
				L11001000000000000000001 /* commerce_space.json in Resources */,
				Q11009000000000000000009 /* discovery_art.ndjson in Resources */,
				Q11008000000000000000008 /* discovery_objects.ndjson in Resources */,
				I11005000000000000000005 /* discovery_space.ndjson in Resources */,
			);
			runOnlyForDeploymentPostprocessing = 0;
		};
		LB0001000000000000000001 /* Resources */ = {
			isa = PBXResourcesBuildPhase;
			buildActionMask = 2147483647;
			files = (
				Q1100E00000000000000000E /* commerce_art.json in Resources */,
				Q1100D00000000000000000D /* commerce_objects.json in Resources */,
				L11004000000000000000004 /* commerce_space.json in Resources */,
				Q11010000000000000000010 /* discovery_art.ndjson in Resources */,
				Q1100F00000000000000000F /* discovery_objects.ndjson in Resources */,
				Q11011000000000000000011 /* discovery_space.ndjson in Resources */,
			);
			runOnlyForDeploymentPostprocessing = 0;
		};
/* End PBXResourcesBuildPhase section */

/* Begin PBXSourcesBuildPhase section */
		AA0001000000000000000001 /* Sources */ = {
			isa = PBXSourcesBuildPhase;
			buildActionMask = 2147483647;
			files = (
				7DC7E7C02F42C0BC0015B135 /* EngineRootView.swift in Sources */,
				A10001000000000000000001 /* TasteMatchApp.swift in Sources */,
				B11002000000000000000002 /* AboutScreen.swift in Sources */,
				A10002000000000000000002 /* AnalyzingView.swift in Sources */,
				J11001000000000000000001 /* AxisPresentation.swift in Sources */,
				A10003000000000000000003 /* APIClient.swift in Sources */,
				Q11005000000000000000005 /* ArtRankingEngine.swift in Sources */,
				N11004000000000000000004 /* BackendClient.swift in Sources */,
				E11001000000000000000001 /* BoardScreen.swift in Sources */,
				859BEC168102C01A5993CD82 /* Brand.swift in Sources */,
				N11001000000000000000001 /* CachedImage.swift in Sources */,
				D11002000000000000000002 /* CalibrationStore.swift in Sources */,
				C11001000000000000000001 /* CatalogLoader.swift in Sources */,
				A10004000000000000000004 /* CompareScreen.swift in Sources */,
				A10005000000000000000005 /* ContextScreen.swift in Sources */,
				I11004000000000000000004 /* DiscoveryCacheStore.swift in Sources */,
				H11001000000000000000001 /* DiscoveryEngine.swift in Sources */,
				G11001000000000000000001 /* DiscoveryFeed.swift in Sources */,
				I11001000000000000000001 /* DiscoveryItem.swift in Sources */,
				I11002000000000000000002 /* DiscoveryLoader.swift in Sources */,
				I11003000000000000000003 /* DiscoverySignalStore.swift in Sources */,
				B11001000000000000000001 /* DesignTipsEngine.swift in Sources */,
				Q11001000000000000000001 /* Domain.swift in Sources */,
				Q11002000000000000000002 /* DomainCatalog.swift in Sources */,
				Q11003000000000000000003 /* DomainDiscovery.swift in Sources */,
				R11003000000000000000003 /* DomainLayout.swift in Sources */,
				Q11004000000000000000004 /* DomainNaming.swift in Sources */,
				R11001000000000000000001 /* DomainPreferencesStore.swift in Sources */,
				R11002000000000000000002 /* GoalSelectionScreen.swift in Sources */,
				A10006000000000000000006 /* EventLogger.swift in Sources */,
				A10007000000000000000007 /* EvolutionScreen.swift in Sources */,
				N11002000000000000000002 /* FeatureFlags.swift in Sources */,
				A10008000000000000000008 /* FavoritesScreen.swift in Sources */,
				A10009000000000000000009 /* FavoritesStore.swift in Sources */,
				A1000A00000000000000000A /* Haptics.swift in Sources */,
				A1000B00000000000000000B /* HistoryScreen.swift in Sources */,
				K11001000000000000000001 /* MaterialShopSheet.swift in Sources */,
				A1000C00000000000000000C /* MockCatalog.swift in Sources */,
				A1000D00000000000000000D /* Models.swift in Sources */,
				P11001000000000000000001 /* MyProfileScreen.swift in Sources */,
				N11003000000000000000003 /* NetworkModels.swift in Sources */,
				S11004000000000000000004 /* ObjectArchetype.swift in Sources */,
				S11006000000000000000006 /* ObjectAxisPresentation.swift in Sources */,
				S11002000000000000000002 /* ObjectCalibrationStore.swift in Sources */,
				S11003000000000000000003 /* ObjectsCalibrationScreen.swift in Sources */,
				S11005000000000000000005 /* ObjectsRankingEngine.swift in Sources */,
				S11001000000000000000001 /* ObjectVector.swift in Sources */,
				A1000E00000000000000000E /* OnboardingScreen.swift in Sources */,
				F11001000000000000000001 /* ProfileNaming.swift in Sources */,
				A1000F00000000000000000F /* ProfileStore.swift in Sources */,
				A10010000000000000000010 /* RecommendationDetailScreen.swift in Sources */,
				A10011000000000000000011 /* RecommendationEngine.swift in Sources */,
				P11002000000000000000002 /* RadarChart.swift in Sources */,
				A10012000000000000000012 /* ResultScreen.swift in Sources */,
				A10013000000000000000013 /* SettingsScreen.swift in Sources */,
				M11001000000000000000001 /* ShopScreen.swift in Sources */,
				B11003000000000000000003 /* ShareTextBuilder.swift in Sources */,
				A10014000000000000000014 /* SignalExtractor.swift in Sources */,
				D11003000000000000000003 /* SwipeDeckView.swift in Sources */,
				A10015000000000000000015 /* TasteBadge.swift in Sources */,
				D11004000000000000000004 /* TasteCalibrationScreen.swift in Sources */,
				A10016000000000000000016 /* TasteCardView.swift in Sources */,
				A10017000000000000000017 /* TasteEngine.swift in Sources */,
				D11001000000000000000001 /* TasteVector.swift in Sources */,
				A10018000000000000000018 /* Theme.swift in Sources */,
				A10019000000000000000019 /* UploadScreen.swift in Sources */,
				S1100B00000000000000000B /* AdvisoryPolicy.swift in Sources */,
				S1100D00000000000000000D /* AdvisorySettings.swift in Sources */,
				S11010000000000000000010 /* AdvisorySignalStore.swift in Sources */,
				S11011000000000000000011 /* AdvisoryToleranceStore.swift in Sources */,
				S11012000000000000000012 /* ObjectAdvisory.swift in Sources */,
				S1100C00000000000000000C /* TasteConflictEngine.swift in Sources */,
				S1100E00000000000000000E /* TasteGuardSheet.swift in Sources */,
				T11001000000000000000001 /* DomainCopy.swift in Sources */,
				U11001000000000000000001 /* DecisionStore.swift in Sources */,
				V11001000000000000000001 /* EngineResultScreen.swift in Sources */,
				W11001000000000000000001 /* SwipeOnboardingView.swift in Sources */,
				X11001000000000000000001 /* IdentityRevealView.swift in Sources */,
				Y11001000000000000000001 /* IdentityHomeView.swift in Sources */,
				Z11001000000000000000001 /* StyleSeedDeck.swift in Sources */,
				AA1100100000000000000001 /* IdentityFitsCatalog.swift in Sources */,
				BB1100100000000000000001 /* TasteIdentity.swift in Sources */,
				CC1100100000000000000001 /* TasteEvaluatedObject.swift in Sources */,
				DD1100100000000000000001 /* ScoringService.swift in Sources */,
				EE1100100000000000000001 /* ReinforcementService.swift in Sources */,
				FF1100100000000000000001 /* IdentityStore.swift in Sources */,
				GG1100100000000000000001 /* TasteEventStore.swift in Sources */,
				HH1100100000000000000001 /* ItemEvaluationScreen.swift in Sources */,
				KK1100100000000000000001 /* StyleSignals.swift in Sources */,
				LL1100100000000000000001 /* StyleEmbedding.swift in Sources */,
				MM1100100000000000000001 /* EmbeddingProjector.swift in Sources */,
				NN1100100000000000000001 /* StyleExtractor.swift in Sources */,
				PP1100100000000000000001 /* PendingReinforcementStore.swift in Sources */,
				RR1100100000000000000001 /* DeviceInstallID.swift in Sources */,
				SS1100100000000000000001 /* BurgundyAPI.swift in Sources */,
				UU1100100000000000000001 /* IdentityDebugView.swift in Sources */,
			);
			runOnlyForDeploymentPostprocessing = 0;
		};
		AA0002000000000000000002 /* Sources */ = {
			isa = PBXSourcesBuildPhase;
			buildActionMask = 2147483647;
			files = (
				Q1100C00000000000000000C /* ArtRarityRankingTests.swift in Sources */,
				K11002000000000000000002 /* AxisMappingTests.swift in Sources */,
				P11003000000000000000003 /* MyProfileScreenTests.swift in Sources */,
				P11004000000000000000004 /* RadarChartTests.swift in Sources */,
				J11002000000000000000002 /* AxisPresentationTests.swift in Sources */,
				N11007000000000000000007 /* BackendClientTests.swift in Sources */,
				N11005000000000000000005 /* CachedImageTests.swift in Sources */,
				D11005000000000000000005 /* CalibrationTests.swift in Sources */,
				L11002000000000000000002 /* CommerceProviderTests.swift in Sources */,
				L11003000000000000000003 /* CommerceRankingTests.swift in Sources */,
				B11004000000000000000004 /* DesignTipsEngineTests.swift in Sources */,
				R11005000000000000000005 /* DomainEnablementTests.swift in Sources */,
				Q1100A00000000000000000A /* DomainInventoryTests.swift in Sources */,
				Q1100B00000000000000000B /* DomainNamingTests.swift in Sources */,
				R11004000000000000000004 /* DomainPreferencesStoreTests.swift in Sources */,
				H11003000000000000000003 /* DiscoveryEngineTests.swift in Sources */,
				I11006000000000000000006 /* DiscoverySignalStoreTests.swift in Sources */,
				N11006000000000000000006 /* NetworkModelTests.swift in Sources */,
				S11008000000000000000008 /* ObjectNamingTests.swift in Sources */,
				S1100A00000000000000000A /* ObjectsRankingTests.swift in Sources */,
				S11007000000000000000007 /* ObjectVectorTests.swift in Sources */,
				S11009000000000000000009 /* ArchetypeDuelTests.swift in Sources */,
				F11002000000000000000002 /* ProfileNamingTests.swift in Sources */,
				A1001D00000000000000001D /* ProfileStoreTests.swift in Sources */,
				A1001C00000000000000001C /* RecommendationEngineTests.swift in Sources */,
				M11002000000000000000002 /* ShopScreenTests.swift in Sources */,
				B11006000000000000000006 /* ShareTextTests.swift in Sources */,
				B11005000000000000000005 /* TasteBadgeTests.swift in Sources */,
				A1001B00000000000000001B /* TasteEngineTests.swift in Sources */,
				S1100F00000000000000000F /* TasteConflictEngineTests.swift in Sources */,
				S11013000000000000000013 /* AdvisoryToleranceTests.swift in Sources */,
				T11002000000000000000002 /* DomainCopyTests.swift in Sources */,
				II1100100000000000000001 /* ScoringServiceTests.swift in Sources */,
				JJ1100100000000000000001 /* ReinforcementServiceTests.swift in Sources */,
				OO1100100000000000000001 /* StyleDivergenceTests.swift in Sources */,
				QQ1100100000000000000001 /* PendingReinforcementTests.swift in Sources */,
				TT1100100000000000000001 /* BurgundyAPITests.swift in Sources */,
			);
			runOnlyForDeploymentPostprocessing = 0;
		};
/* End PBXSourcesBuildPhase section */

/* Begin PBXTargetDependency section */
		AC0001000000000000000001 /* PBXTargetDependency */ = {
			isa = PBXTargetDependency;
			target = A50001000000000000000001 /* TasteMatch */;
			targetProxy = A30001000000000000000001 /* PBXContainerItemProxy */;
		};
/* End PBXTargetDependency section */

/* Begin XCBuildConfiguration section */
		AE0001000000000000000001 /* Debug */ = {
			isa = XCBuildConfiguration;
			buildSettings = {
				ALWAYS_SEARCH_USER_PATHS = NO;
				ASSETCATALOG_COMPILER_GENERATE_SWIFT_ASSET_SYMBOL_EXTENSIONS = YES;
				CLANG_ANALYZER_NONNULL = YES;
				CLANG_ANALYZER_NUMBER_OBJECT_CONVERSION = YES_AGGRESSIVE;
				CLANG_CXX_LANGUAGE_STANDARD = "gnu++20";
				CLANG_ENABLE_MODULES = YES;
				CLANG_ENABLE_OBJC_ARC = YES;
				CLANG_ENABLE_OBJC_WEAK = YES;
				CLANG_WARN_BLOCK_CAPTURE_AUTORELEASING = YES;
				CLANG_WARN_BOOL_CONVERSION = YES;
				CLANG_WARN_COMMA = YES;
				CLANG_WARN_CONSTANT_CONVERSION = YES;
				CLANG_WARN_DEPRECATED_OBJC_IMPLEMENTATIONS = YES;
				CLANG_WARN_DIRECT_OBJC_ISA_USAGE = YES_ERROR;
				CLANG_WARN_DOCUMENTATION_COMMENTS = YES;
				CLANG_WARN_EMPTY_BODY = YES;
				CLANG_WARN_ENUM_CONVERSION = YES;
				CLANG_WARN_INFINITE_RECURSION = YES;
				CLANG_WARN_INT_CONVERSION = YES;
				CLANG_WARN_NON_LITERAL_NULL_CONVERSION = YES;
				CLANG_WARN_OBJC_IMPLICIT_RETAIN_SELF = YES;
				CLANG_WARN_OBJC_LITERAL_CONVERSION = YES;
				CLANG_WARN_OBJC_ROOT_CLASS = YES_ERROR;
				CLANG_WARN_QUOTED_INCLUDE_IN_FRAMEWORK_HEADER = YES;
				CLANG_WARN_RANGE_LOOP_ANALYSIS = YES;
				CLANG_WARN_STRICT_PROTOTYPES = YES;
				CLANG_WARN_SUSPICIOUS_MOVE = YES;
				CLANG_WARN_UNGUARDED_AVAILABILITY = YES_AGGRESSIVE;
				CLANG_WARN_UNREACHABLE_CODE = YES;
				CLANG_WARN__DUPLICATE_METHOD_MATCH = YES;
				COPY_PHASE_STRIP = NO;
				DEBUG_INFORMATION_FORMAT = dwarf;
				ENABLE_STRICT_OBJC_MSGSEND = YES;
				ENABLE_TESTABILITY = YES;
				ENABLE_USER_SCRIPT_SANDBOXING = YES;
				GCC_C_LANGUAGE_STANDARD = gnu17;
				GCC_DYNAMIC_NO_PIC = NO;
				GCC_NO_COMMON_BLOCKS = YES;
				GCC_OPTIMIZATION_LEVEL = 0;
				GCC_PREPROCESSOR_DEFINITIONS = (
					"DEBUG=1",
					"$(inherited)",
				);
				GCC_WARN_64_TO_32_BIT_CONVERSION = YES;
				GCC_WARN_ABOUT_RETURN_TYPE = YES_ERROR;
				GCC_WARN_UNDECLARED_SELECTOR = YES;
				GCC_WARN_UNINITIALIZED_AUTOS = YES_AGGRESSIVE;
				GCC_WARN_UNUSED_FUNCTION = YES;
				GCC_WARN_UNUSED_VARIABLE = YES;
				IPHONEOS_DEPLOYMENT_TARGET = 17.0;
				LOCALIZATION_PREFERS_STRING_CATALOGS = YES;
				MTL_ENABLE_DEBUG_INFO = INCLUDE_SOURCE;
				MTL_FAST_MATH = YES;
				ONLY_ACTIVE_ARCH = YES;
				SDKROOT = iphoneos;
				SWIFT_ACTIVE_COMPILATION_CONDITIONS = "DEBUG $(inherited)";
				SWIFT_OPTIMIZATION_LEVEL = "-Onone";
				SWIFT_VERSION = 5.0;
			};
			name = Debug;
		};
		AE0002000000000000000002 /* Release */ = {
			isa = XCBuildConfiguration;
			buildSettings = {
				ALWAYS_SEARCH_USER_PATHS = NO;
				ASSETCATALOG_COMPILER_GENERATE_SWIFT_ASSET_SYMBOL_EXTENSIONS = YES;
				CLANG_ANALYZER_NONNULL = YES;
				CLANG_ANALYZER_NUMBER_OBJECT_CONVERSION = YES_AGGRESSIVE;
				CLANG_CXX_LANGUAGE_STANDARD = "gnu++20";
				CLANG_ENABLE_MODULES = YES;
				CLANG_ENABLE_OBJC_ARC = YES;
				CLANG_ENABLE_OBJC_WEAK = YES;
				CLANG_WARN_BLOCK_CAPTURE_AUTORELEASING = YES;
				CLANG_WARN_BOOL_CONVERSION = YES;
				CLANG_WARN_COMMA = YES;
				CLANG_WARN_CONSTANT_CONVERSION = YES;
				CLANG_WARN_DEPRECATED_OBJC_IMPLEMENTATIONS = YES;
				CLANG_WARN_DIRECT_OBJC_ISA_USAGE = YES_ERROR;
				CLANG_WARN_DOCUMENTATION_COMMENTS = YES;
				CLANG_WARN_EMPTY_BODY = YES;
				CLANG_WARN_ENUM_CONVERSION = YES;
				CLANG_WARN_INFINITE_RECURSION = YES;
				CLANG_WARN_INT_CONVERSION = YES;
				CLANG_WARN_NON_LITERAL_NULL_CONVERSION = YES;
				CLANG_WARN_OBJC_IMPLICIT_RETAIN_SELF = YES;
				CLANG_WARN_OBJC_LITERAL_CONVERSION = YES;
				CLANG_WARN_OBJC_ROOT_CLASS = YES_ERROR;
				CLANG_WARN_QUOTED_INCLUDE_IN_FRAMEWORK_HEADER = YES;
				CLANG_WARN_RANGE_LOOP_ANALYSIS = YES;
				CLANG_WARN_STRICT_PROTOTYPES = YES;
				CLANG_WARN_SUSPICIOUS_MOVE = YES;
				CLANG_WARN_UNGUARDED_AVAILABILITY = YES_AGGRESSIVE;
				CLANG_WARN_UNREACHABLE_CODE = YES;
				CLANG_WARN__DUPLICATE_METHOD_MATCH = YES;
				COPY_PHASE_STRIP = NO;
				DEBUG_INFORMATION_FORMAT = "dwarf-with-dsym";
				ENABLE_NS_ASSERTIONS = NO;
				ENABLE_STRICT_OBJC_MSGSEND = YES;
				ENABLE_USER_SCRIPT_SANDBOXING = YES;
				GCC_C_LANGUAGE_STANDARD = gnu17;
				GCC_NO_COMMON_BLOCKS = YES;
				GCC_WARN_64_TO_32_BIT_CONVERSION = YES;
				GCC_WARN_ABOUT_RETURN_TYPE = YES_ERROR;
				GCC_WARN_UNDECLARED_SELECTOR = YES;
				GCC_WARN_UNINITIALIZED_AUTOS = YES_AGGRESSIVE;
				GCC_WARN_UNUSED_FUNCTION = YES;
				GCC_WARN_UNUSED_VARIABLE = YES;
				IPHONEOS_DEPLOYMENT_TARGET = 17.0;
				LOCALIZATION_PREFERS_STRING_CATALOGS = YES;
				MTL_ENABLE_DEBUG_INFO = NO;
				MTL_FAST_MATH = YES;
				SDKROOT = iphoneos;
				SWIFT_COMPILATION_MODE = wholemodule;
				SWIFT_VERSION = 5.0;
				VALIDATE_PRODUCT = YES;
			};
			name = Release;
		};
		AE0003000000000000000003 /* Debug */ = {
			isa = XCBuildConfiguration;
			baseConfigurationReference = XCFG000000000000000001 /* Config.local.xcconfig */;
			buildSettings = {
				ASSETCATALOG_COMPILER_APPICON_NAME = AppIcon;
				ASSETCATALOG_COMPILER_GLOBAL_ACCENT_COLOR_NAME = AccentColor;
				CODE_SIGN_STYLE = Automatic;
				CURRENT_PROJECT_VERSION = 1;
				DEVELOPMENT_TEAM = "";
				ENABLE_PREVIEWS = YES;
				GENERATE_INFOPLIST_FILE = YES;
				INFOPLIST_FILE = TasteMatch/Info.plist;
				INFOPLIST_KEY_CFBundleDisplayName = Burgundy;
				INFOPLIST_KEY_UIApplicationSceneManifest_Generation = YES;
				INFOPLIST_KEY_UIApplicationSupportsIndirectInputEvents = YES;
				INFOPLIST_KEY_UILaunchScreen_Generation = YES;
				INFOPLIST_KEY_UISupportedInterfaceOrientations_iPad = "UIInterfaceOrientationPortrait UIInterfaceOrientationPortraitUpsideDown UIInterfaceOrientationLandscapeLeft UIInterfaceOrientationLandscapeRight";
				INFOPLIST_KEY_UISupportedInterfaceOrientations_iPhone = "UIInterfaceOrientationPortrait UIInterfaceOrientationLandscapeLeft UIInterfaceOrientationLandscapeRight";
				LD_RUNPATH_SEARCH_PATHS = (
					"$(inherited)",
					"@executable_path/Frameworks",
				);
				MARKETING_VERSION = 1.0;
				PRODUCT_BUNDLE_IDENTIFIER = com.lu23.TasteMatch;
				PRODUCT_NAME = "$(TARGET_NAME)";
				SUPPORTED_PLATFORMS = "iphoneos iphonesimulator";
				SUPPORTS_MACCATALYST = NO;
				SWIFT_EMIT_LOC_STRINGS = YES;
				SWIFT_VERSION = 5.0;
				TARGETED_DEVICE_FAMILY = "1,2";
			};
			name = Debug;
		};
		AE0004000000000000000004 /* Release */ = {
			isa = XCBuildConfiguration;
			baseConfigurationReference = XCFG000000000000000001 /* Config.local.xcconfig */;
			buildSettings = {
				ASSETCATALOG_COMPILER_APPICON_NAME = AppIcon;
				ASSETCATALOG_COMPILER_GLOBAL_ACCENT_COLOR_NAME = AccentColor;
				CODE_SIGN_STYLE = Automatic;
				CURRENT_PROJECT_VERSION = 1;
				DEVELOPMENT_TEAM = "";
				ENABLE_PREVIEWS = YES;
				GENERATE_INFOPLIST_FILE = YES;
				INFOPLIST_FILE = TasteMatch/Info.plist;
				INFOPLIST_KEY_CFBundleDisplayName = Burgundy;
				INFOPLIST_KEY_UIApplicationSceneManifest_Generation = YES;
				INFOPLIST_KEY_UIApplicationSupportsIndirectInputEvents = YES;
				INFOPLIST_KEY_UILaunchScreen_Generation = YES;
				INFOPLIST_KEY_UISupportedInterfaceOrientations_iPad = "UIInterfaceOrientationPortrait UIInterfaceOrientationPortraitUpsideDown UIInterfaceOrientationLandscapeLeft UIInterfaceOrientationLandscapeRight";
				INFOPLIST_KEY_UISupportedInterfaceOrientations_iPhone = "UIInterfaceOrientationPortrait UIInterfaceOrientationLandscapeLeft UIInterfaceOrientationLandscapeRight";
				LD_RUNPATH_SEARCH_PATHS = (
					"$(inherited)",
					"@executable_path/Frameworks",
				);
				MARKETING_VERSION = 1.0;
				PRODUCT_BUNDLE_IDENTIFIER = com.lu23.TasteMatch;
				PRODUCT_NAME = "$(TARGET_NAME)";
				SUPPORTED_PLATFORMS = "iphoneos iphonesimulator";
				SUPPORTS_MACCATALYST = NO;
				SWIFT_EMIT_LOC_STRINGS = YES;
				SWIFT_VERSION = 5.0;
				TARGETED_DEVICE_FAMILY = "1,2";
			};
			name = Release;
		};
		AE0005000000000000000005 /* Debug */ = {
			isa = XCBuildConfiguration;
			buildSettings = {
				BUNDLE_LOADER = "$(TEST_HOST)";
				CODE_SIGN_STYLE = Automatic;
				CURRENT_PROJECT_VERSION = 1;
				DEVELOPMENT_TEAM = "";
				GENERATE_INFOPLIST_FILE = YES;
				IPHONEOS_DEPLOYMENT_TARGET = 17.0;
				MARKETING_VERSION = 1.0;
				PRODUCT_BUNDLE_IDENTIFIER = com.lu23.TasteMatchTests;
				PRODUCT_NAME = "$(TARGET_NAME)";
				SUPPORTED_PLATFORMS = "iphoneos iphonesimulator";
				SUPPORTS_MACCATALYST = NO;
				SWIFT_EMIT_LOC_STRINGS = NO;
				SWIFT_VERSION = 5.0;
				TARGETED_DEVICE_FAMILY = "1,2";
				TEST_HOST = "$(BUILT_PRODUCTS_DIR)/TasteMatch.app/$(BUNDLE_EXECUTABLE_FOLDER_PATH)/TasteMatch";
			};
			name = Debug;
		};
		AE0006000000000000000006 /* Release */ = {
			isa = XCBuildConfiguration;
			buildSettings = {
				BUNDLE_LOADER = "$(TEST_HOST)";
				CODE_SIGN_STYLE = Automatic;
				CURRENT_PROJECT_VERSION = 1;
				DEVELOPMENT_TEAM = "";
				GENERATE_INFOPLIST_FILE = YES;
				IPHONEOS_DEPLOYMENT_TARGET = 17.0;
				MARKETING_VERSION = 1.0;
				PRODUCT_BUNDLE_IDENTIFIER = com.lu23.TasteMatchTests;
				PRODUCT_NAME = "$(TARGET_NAME)";
				SUPPORTED_PLATFORMS = "iphoneos iphonesimulator";
				SUPPORTS_MACCATALYST = NO;
				SWIFT_EMIT_LOC_STRINGS = NO;
				SWIFT_VERSION = 5.0;
				TARGETED_DEVICE_FAMILY = "1,2";
				TEST_HOST = "$(BUILT_PRODUCTS_DIR)/TasteMatch.app/$(BUNDLE_EXECUTABLE_FOLDER_PATH)/TasteMatch";
			};
			name = Release;
		};
/* End XCBuildConfiguration section */

/* Begin XCConfigurationList section */
		A90001000000000000000001 /* Build configuration list for PBXNativeTarget "TasteMatch" */ = {
			isa = XCConfigurationList;
			buildConfigurations = (
				AE0003000000000000000003 /* Debug */,
				AE0004000000000000000004 /* Release */,
			);
			defaultConfigurationIsVisible = 0;
			defaultConfigurationName = Release;
		};
		A90002000000000000000002 /* Build configuration list for PBXNativeTarget "TasteMatchTests" */ = {
			isa = XCConfigurationList;
			buildConfigurations = (
				AE0005000000000000000005 /* Debug */,
				AE0006000000000000000006 /* Release */,
			);
			defaultConfigurationIsVisible = 0;
			defaultConfigurationName = Release;
		};
		AD0001000000000000000001 /* Build configuration list for PBXProject "TasteMatch" */ = {
			isa = XCConfigurationList;
			buildConfigurations = (
				AE0001000000000000000001 /* Debug */,
				AE0002000000000000000002 /* Release */,
			);
			defaultConfigurationIsVisible = 0;
			defaultConfigurationName = Release;
		};
/* End XCConfigurationList section */
	};
	rootObject = A40001000000000000000001 /* Project object */;
}
