// !$*UTF8*$!
{
	archiveVersion = 1;
	classes = {
	};
	objectVersion = 56;
	objects = {

/* Begin PBXBuildFile section */
		A10001000000000000000001 /* TasteMatchApp.swift in Sources */ = {isa = PBXBuildFile; fileRef = A20001000000000000000001 /* TasteMatchApp.swift */; };
		A10002000000000000000002 /* AnalyzingView.swift in Sources */ = {isa = PBXBuildFile; fileRef = A20002000000000000000002 /* AnalyzingView.swift */; };
		A10003000000000000000003 /* APIClient.swift in Sources */ = {isa = PBXBuildFile; fileRef = A20003000000000000000003 /* APIClient.swift */; };
		A10004000000000000000004 /* CompareScreen.swift in Sources */ = {isa = PBXBuildFile; fileRef = A20004000000000000000004 /* CompareScreen.swift */; };
		A10005000000000000000005 /* ContextScreen.swift in Sources */ = {isa = PBXBuildFile; fileRef = A20005000000000000000005 /* ContextScreen.swift */; };
		A10006000000000000000006 /* EventLogger.swift in Sources */ = {isa = PBXBuildFile; fileRef = A20006000000000000000006 /* EventLogger.swift */; };
		A10007000000000000000007 /* EvolutionScreen.swift in Sources */ = {isa = PBXBuildFile; fileRef = A20007000000000000000007 /* EvolutionScreen.swift */; };
		A10008000000000000000008 /* FavoritesScreen.swift in Sources */ = {isa = PBXBuildFile; fileRef = A20008000000000000000008 /* FavoritesScreen.swift */; };
		A10009000000000000000009 /* FavoritesStore.swift in Sources */ = {isa = PBXBuildFile; fileRef = A20009000000000000000009 /* FavoritesStore.swift */; };
		A1000A00000000000000000A /* Haptics.swift in Sources */ = {isa = PBXBuildFile; fileRef = A2000A00000000000000000A /* Haptics.swift */; };
		A1000B00000000000000000B /* HistoryScreen.swift in Sources */ = {isa = PBXBuildFile; fileRef = A2000B00000000000000000B /* HistoryScreen.swift */; };
		A1000C00000000000000000C /* MockCatalog.swift in Sources */ = {isa = PBXBuildFile; fileRef = A2000C00000000000000000C /* MockCatalog.swift */; };
		A1000D00000000000000000D /* Models.swift in Sources */ = {isa = PBXBuildFile; fileRef = A2000D00000000000000000D /* Models.swift */; };
		A1000E00000000000000000E /* OnboardingScreen.swift in Sources */ = {isa = PBXBuildFile; fileRef = A2000E00000000000000000E /* OnboardingScreen.swift */; };
		A1000F00000000000000000F /* ProfileStore.swift in Sources */ = {isa = PBXBuildFile; fileRef = A2000F00000000000000000F /* ProfileStore.swift */; };
		A10010000000000000000010 /* RecommendationDetailScreen.swift in Sources */ = {isa = PBXBuildFile; fileRef = A20010000000000000000010 /* RecommendationDetailScreen.swift */; };
		A10011000000000000000011 /* RecommendationEngine.swift in Sources */ = {isa = PBXBuildFile; fileRef = A20011000000000000000011 /* RecommendationEngine.swift */; };
		A10012000000000000000012 /* ResultScreen.swift in Sources */ = {isa = PBXBuildFile; fileRef = A20012000000000000000012 /* ResultScreen.swift */; };
		A10013000000000000000013 /* SettingsScreen.swift in Sources */ = {isa = PBXBuildFile; fileRef = A20013000000000000000013 /* SettingsScreen.swift */; };
		A10014000000000000000014 /* SignalExtractor.swift in Sources */ = {isa = PBXBuildFile; fileRef = A20014000000000000000014 /* SignalExtractor.swift */; };
		A10015000000000000000015 /* TasteBadge.swift in Sources */ = {isa = PBXBuildFile; fileRef = A20015000000000000000015 /* TasteBadge.swift */; };
		A10016000000000000000016 /* TasteCardView.swift in Sources */ = {isa = PBXBuildFile; fileRef = A20016000000000000000016 /* TasteCardView.swift */; };
		A10017000000000000000017 /* TasteEngine.swift in Sources */ = {isa = PBXBuildFile; fileRef = A20017000000000000000017 /* TasteEngine.swift */; };
		A10018000000000000000018 /* Theme.swift in Sources */ = {isa = PBXBuildFile; fileRef = A20018000000000000000018 /* Theme.swift */; };
		A10019000000000000000019 /* UploadScreen.swift in Sources */ = {isa = PBXBuildFile; fileRef = A20019000000000000000019 /* UploadScreen.swift */; };
		A1001A00000000000000001A /* Assets.xcassets in Resources */ = {isa = PBXBuildFile; fileRef = A2001A00000000000000001A /* Assets.xcassets */; };
		A1001B00000000000000001B /* TasteEngineTests.swift in Sources */ = {isa = PBXBuildFile; fileRef = A2001B00000000000000001B /* TasteEngineTests.swift */; };
		A1001C00000000000000001C /* RecommendationEngineTests.swift in Sources */ = {isa = PBXBuildFile; fileRef = A2001C00000000000000001C /* RecommendationEngineTests.swift */; };
		A1001D00000000000000001D /* ProfileStoreTests.swift in Sources */ = {isa = PBXBuildFile; fileRef = A2001D00000000000000001D /* ProfileStoreTests.swift */; };
		B11001000000000000000001 /* DesignTipsEngine.swift in Sources */ = {isa = PBXBuildFile; fileRef = B21001000000000000000001 /* DesignTipsEngine.swift */; };
		B11002000000000000000002 /* AboutScreen.swift in Sources */ = {isa = PBXBuildFile; fileRef = B21002000000000000000002 /* AboutScreen.swift */; };
		B11003000000000000000003 /* ShareTextBuilder.swift in Sources */ = {isa = PBXBuildFile; fileRef = B21003000000000000000003 /* ShareTextBuilder.swift */; };
		B11004000000000000000004 /* DesignTipsEngineTests.swift in Sources */ = {isa = PBXBuildFile; fileRef = B21004000000000000000004 /* DesignTipsEngineTests.swift */; };
		B11005000000000000000005 /* TasteBadgeTests.swift in Sources */ = {isa = PBXBuildFile; fileRef = B21005000000000000000005 /* TasteBadgeTests.swift */; };
		B11006000000000000000006 /* ShareTextTests.swift in Sources */ = {isa = PBXBuildFile; fileRef = B21006000000000000000006 /* ShareTextTests.swift */; };
		C11001000000000000000001 /* CatalogLoader.swift in Sources */ = {isa = PBXBuildFile; fileRef = C21001000000000000000001 /* CatalogLoader.swift */; };
		C11002000000000000000002 /* catalog.json in Resources */ = {isa = PBXBuildFile; fileRef = C21002000000000000000002 /* catalog.json */; };
		859BEC168102C01A5993CD82 /* Brand.swift in Sources */ = {isa = PBXBuildFile; fileRef = 345E6421A33BBF48B4B8E5CB /* Brand.swift */; };
		D11001000000000000000001 /* TasteVector.swift in Sources */ = {isa = PBXBuildFile; fileRef = D21001000000000000000001 /* TasteVector.swift */; };
		D11002000000000000000002 /* CalibrationStore.swift in Sources */ = {isa = PBXBuildFile; fileRef = D21002000000000000000002 /* CalibrationStore.swift */; };
		D11003000000000000000003 /* SwipeDeckView.swift in Sources */ = {isa = PBXBuildFile; fileRef = D21003000000000000000003 /* SwipeDeckView.swift */; };
		D11004000000000000000004 /* TasteCalibrationScreen.swift in Sources */ = {isa = PBXBuildFile; fileRef = D21004000000000000000004 /* TasteCalibrationScreen.swift */; };
		D11005000000000000000005 /* CalibrationTests.swift in Sources */ = {isa = PBXBuildFile; fileRef = D21005000000000000000005 /* CalibrationTests.swift */; };
/* End PBXBuildFile section */

/* Begin PBXContainerItemProxy section */
		A30001000000000000000001 /* PBXContainerItemProxy */ = {
			isa = PBXContainerItemProxy;
			containerPortal = A40001000000000000000001 /* Project object */;
			proxyType = 1;
			remoteGlobalIDString = A50001000000000000000001;
			remoteInfo = TasteMatch;
		};
/* End PBXContainerItemProxy section */

/* Begin PBXFileReference section */
		A20001000000000000000001 /* TasteMatchApp.swift */ = {isa = PBXFileReference; lastKnownFileType = sourcecode.swift; path = TasteMatchApp.swift; sourceTree = "<group>"; };
		A20002000000000000000002 /* AnalyzingView.swift */ = {isa = PBXFileReference; lastKnownFileType = sourcecode.swift; path = AnalyzingView.swift; sourceTree = "<group>"; };
		A20003000000000000000003 /* APIClient.swift */ = {isa = PBXFileReference; lastKnownFileType = sourcecode.swift; path = APIClient.swift; sourceTree = "<group>"; };
		A20004000000000000000004 /* CompareScreen.swift */ = {isa = PBXFileReference; lastKnownFileType = sourcecode.swift; path = CompareScreen.swift; sourceTree = "<group>"; };
		A20005000000000000000005 /* ContextScreen.swift */ = {isa = PBXFileReference; lastKnownFileType = sourcecode.swift; path = ContextScreen.swift; sourceTree = "<group>"; };
		A20006000000000000000006 /* EventLogger.swift */ = {isa = PBXFileReference; lastKnownFileType = sourcecode.swift; path = EventLogger.swift; sourceTree = "<group>"; };
		A20007000000000000000007 /* EvolutionScreen.swift */ = {isa = PBXFileReference; lastKnownFileType = sourcecode.swift; path = EvolutionScreen.swift; sourceTree = "<group>"; };
		A20008000000000000000008 /* FavoritesScreen.swift */ = {isa = PBXFileReference; lastKnownFileType = sourcecode.swift; path = FavoritesScreen.swift; sourceTree = "<group>"; };
		A20009000000000000000009 /* FavoritesStore.swift */ = {isa = PBXFileReference; lastKnownFileType = sourcecode.swift; path = FavoritesStore.swift; sourceTree = "<group>"; };
		A2000A00000000000000000A /* Haptics.swift */ = {isa = PBXFileReference; lastKnownFileType = sourcecode.swift; path = Haptics.swift; sourceTree = "<group>"; };
		A2000B00000000000000000B /* HistoryScreen.swift */ = {isa = PBXFileReference; lastKnownFileType = sourcecode.swift; path = HistoryScreen.swift; sourceTree = "<group>"; };
		A2000C00000000000000000C /* MockCatalog.swift */ = {isa = PBXFileReference; lastKnownFileType = sourcecode.swift; path = MockCatalog.swift; sourceTree = "<group>"; };
		A2000D00000000000000000D /* Models.swift */ = {isa = PBXFileReference; lastKnownFileType = sourcecode.swift; path = Models.swift; sourceTree = "<group>"; };
		A2000E00000000000000000E /* OnboardingScreen.swift */ = {isa = PBXFileReference; lastKnownFileType = sourcecode.swift; path = OnboardingScreen.swift; sourceTree = "<group>"; };
		A2000F00000000000000000F /* ProfileStore.swift */ = {isa = PBXFileReference; lastKnownFileType = sourcecode.swift; path = ProfileStore.swift; sourceTree = "<group>"; };
		A20010000000000000000010 /* RecommendationDetailScreen.swift */ = {isa = PBXFileReference; lastKnownFileType = sourcecode.swift; path = RecommendationDetailScreen.swift; sourceTree = "<group>"; };
		A20011000000000000000011 /* RecommendationEngine.swift */ = {isa = PBXFileReference; lastKnownFileType = sourcecode.swift; path = RecommendationEngine.swift; sourceTree = "<group>"; };
		A20012000000000000000012 /* ResultScreen.swift */ = {isa = PBXFileReference; lastKnownFileType = sourcecode.swift; path = ResultScreen.swift; sourceTree = "<group>"; };
		A20013000000000000000013 /* SettingsScreen.swift */ = {isa = PBXFileReference; lastKnownFileType = sourcecode.swift; path = SettingsScreen.swift; sourceTree = "<group>"; };
		A20014000000000000000014 /* SignalExtractor.swift */ = {isa = PBXFileReference; lastKnownFileType = sourcecode.swift; path = SignalExtractor.swift; sourceTree = "<group>"; };
		A20015000000000000000015 /* TasteBadge.swift */ = {isa = PBXFileReference; lastKnownFileType = sourcecode.swift; path = TasteBadge.swift; sourceTree = "<group>"; };
		A20016000000000000000016 /* TasteCardView.swift */ = {isa = PBXFileReference; lastKnownFileType = sourcecode.swift; path = TasteCardView.swift; sourceTree = "<group>"; };
		A20017000000000000000017 /* TasteEngine.swift */ = {isa = PBXFileReference; lastKnownFileType = sourcecode.swift; path = TasteEngine.swift; sourceTree = "<group>"; };
		A20018000000000000000018 /* Theme.swift */ = {isa = PBXFileReference; lastKnownFileType = sourcecode.swift; path = Theme.swift; sourceTree = "<group>"; };
		A20019000000000000000019 /* UploadScreen.swift */ = {isa = PBXFileReference; lastKnownFileType = sourcecode.swift; path = UploadScreen.swift; sourceTree = "<group>"; };
		A2001A00000000000000001A /* Assets.xcassets */ = {isa = PBXFileReference; lastKnownFileType = folder.assetcatalog; path = Assets.xcassets; sourceTree = "<group>"; };
		A2001E00000000000000001E /* Info.plist */ = {isa = PBXFileReference; lastKnownFileType = text.plist.xml; path = Info.plist; sourceTree = "<group>"; };
		A2001B00000000000000001B /* TasteEngineTests.swift */ = {isa = PBXFileReference; lastKnownFileType = sourcecode.swift; path = TasteEngineTests.swift; sourceTree = "<group>"; };
		A2001C00000000000000001C /* RecommendationEngineTests.swift */ = {isa = PBXFileReference; lastKnownFileType = sourcecode.swift; path = RecommendationEngineTests.swift; sourceTree = "<group>"; };
		A2001D00000000000000001D /* ProfileStoreTests.swift */ = {isa = PBXFileReference; lastKnownFileType = sourcecode.swift; path = ProfileStoreTests.swift; sourceTree = "<group>"; };
		A60001000000000000000001 /* TasteMatch.app */ = {isa = PBXFileReference; explicitFileType = wrapper.application; includeInIndex = 0; path = TasteMatch.app; sourceTree = BUILT_PRODUCTS_DIR; };
		A60002000000000000000002 /* TasteMatchTests.xctest */ = {isa = PBXFileReference; explicitFileType = wrapper.cfbundle; includeInIndex = 0; path = TasteMatchTests.xctest; sourceTree = BUILT_PRODUCTS_DIR; };
		B21001000000000000000001 /* DesignTipsEngine.swift */ = {isa = PBXFileReference; lastKnownFileType = sourcecode.swift; path = DesignTipsEngine.swift; sourceTree = "<group>"; };
		B21002000000000000000002 /* AboutScreen.swift */ = {isa = PBXFileReference; lastKnownFileType = sourcecode.swift; path = AboutScreen.swift; sourceTree = "<group>"; };
		B21003000000000000000003 /* ShareTextBuilder.swift */ = {isa = PBXFileReference; lastKnownFileType = sourcecode.swift; path = ShareTextBuilder.swift; sourceTree = "<group>"; };
		B21004000000000000000004 /* DesignTipsEngineTests.swift */ = {isa = PBXFileReference; lastKnownFileType = sourcecode.swift; path = DesignTipsEngineTests.swift; sourceTree = "<group>"; };
		B21005000000000000000005 /* TasteBadgeTests.swift */ = {isa = PBXFileReference; lastKnownFileType = sourcecode.swift; path = TasteBadgeTests.swift; sourceTree = "<group>"; };
		B21006000000000000000006 /* ShareTextTests.swift */ = {isa = PBXFileReference; lastKnownFileType = sourcecode.swift; path = ShareTextTests.swift; sourceTree = "<group>"; };
		C21001000000000000000001 /* CatalogLoader.swift */ = {isa = PBXFileReference; lastKnownFileType = sourcecode.swift; path = CatalogLoader.swift; sourceTree = "<group>"; };
		C21002000000000000000002 /* catalog.json */ = {isa = PBXFileReference; lastKnownFileType = text.json; path = catalog.json; sourceTree = "<group>"; };
		345E6421A33BBF48B4B8E5CB /* Brand.swift */ = {isa = PBXFileReference; lastKnownFileType = sourcecode.swift; path = Brand.swift; sourceTree = "<group>"; };
		D21001000000000000000001 /* TasteVector.swift */ = {isa = PBXFileReference; lastKnownFileType = sourcecode.swift; path = TasteVector.swift; sourceTree = "<group>"; };
		D21002000000000000000002 /* CalibrationStore.swift */ = {isa = PBXFileReference; lastKnownFileType = sourcecode.swift; path = CalibrationStore.swift; sourceTree = "<group>"; };
		D21003000000000000000003 /* SwipeDeckView.swift */ = {isa = PBXFileReference; lastKnownFileType = sourcecode.swift; path = SwipeDeckView.swift; sourceTree = "<group>"; };
		D21004000000000000000004 /* TasteCalibrationScreen.swift */ = {isa = PBXFileReference; lastKnownFileType = sourcecode.swift; path = TasteCalibrationScreen.swift; sourceTree = "<group>"; };
		D21005000000000000000005 /* CalibrationTests.swift */ = {isa = PBXFileReference; lastKnownFileType = sourcecode.swift; path = CalibrationTests.swift; sourceTree = "<group>"; };
/* End PBXFileReference section */

/* Begin PBXFrameworksBuildPhase section */
		A70001000000000000000001 /* Frameworks */ = {
			isa = PBXFrameworksBuildPhase;
			buildActionMask = 2147483647;
			files = (
			);
			runOnlyForDeploymentPostprocessing = 0;
		};
		A70002000000000000000002 /* Frameworks */ = {
			isa = PBXFrameworksBuildPhase;
			buildActionMask = 2147483647;
			files = (
			);
			runOnlyForDeploymentPostprocessing = 0;
		};
/* End PBXFrameworksBuildPhase section */

/* Begin PBXGroup section */
		A80001000000000000000001 = {
			isa = PBXGroup;
			children = (
				A80002000000000000000002 /* TasteMatch */,
				A80003000000000000000003 /* TasteMatchTests */,
				A80004000000000000000004 /* Products */,
			);
			sourceTree = "<group>";
		};
		A80002000000000000000002 /* TasteMatch */ = {
			isa = PBXGroup;
			children = (
				A20001000000000000000001 /* TasteMatchApp.swift */,
				B21002000000000000000002 /* AboutScreen.swift */,
				A20002000000000000000002 /* AnalyzingView.swift */,
				A20003000000000000000003 /* APIClient.swift */,
				345E6421A33BBF48B4B8E5CB /* Brand.swift */,
				D21002000000000000000002 /* CalibrationStore.swift */,
				C21002000000000000000002 /* catalog.json */,
				C21001000000000000000001 /* CatalogLoader.swift */,
				A20004000000000000000004 /* CompareScreen.swift */,
				A20005000000000000000005 /* ContextScreen.swift */,
				B21001000000000000000001 /* DesignTipsEngine.swift */,
				A20006000000000000000006 /* EventLogger.swift */,
				A20007000000000000000007 /* EvolutionScreen.swift */,
				A20008000000000000000008 /* FavoritesScreen.swift */,
				A20009000000000000000009 /* FavoritesStore.swift */,
				A2000A00000000000000000A /* Haptics.swift */,
				A2000B00000000000000000B /* HistoryScreen.swift */,
				A2000C00000000000000000C /* MockCatalog.swift */,
				A2000D00000000000000000D /* Models.swift */,
				A2000E00000000000000000E /* OnboardingScreen.swift */,
				A2000F00000000000000000F /* ProfileStore.swift */,
				A20010000000000000000010 /* RecommendationDetailScreen.swift */,
				A20011000000000000000011 /* RecommendationEngine.swift */,
				A20012000000000000000012 /* ResultScreen.swift */,
				A20013000000000000000013 /* SettingsScreen.swift */,
				B21003000000000000000003 /* ShareTextBuilder.swift */,
				A20014000000000000000014 /* SignalExtractor.swift */,
				D21003000000000000000003 /* SwipeDeckView.swift */,
				A20015000000000000000015 /* TasteBadge.swift */,
				D21004000000000000000004 /* TasteCalibrationScreen.swift */,
				A20016000000000000000016 /* TasteCardView.swift */,
				A20017000000000000000017 /* TasteEngine.swift */,
				D21001000000000000000001 /* TasteVector.swift */,
				A20018000000000000000018 /* Theme.swift */,
				A20019000000000000000019 /* UploadScreen.swift */,
				A2001A00000000000000001A /* Assets.xcassets */,
				A2001E00000000000000001E /* Info.plist */,
			);
			path = TasteMatch;
			sourceTree = "<group>";
		};
		A80003000000000000000003 /* TasteMatchTests */ = {
			isa = PBXGroup;
			children = (
				D21005000000000000000005 /* CalibrationTests.swift */,
				B21004000000000000000004 /* DesignTipsEngineTests.swift */,
				A2001D00000000000000001D /* ProfileStoreTests.swift */,
				A2001C00000000000000001C /* RecommendationEngineTests.swift */,
				B21006000000000000000006 /* ShareTextTests.swift */,
				B21005000000000000000005 /* TasteBadgeTests.swift */,
				A2001B00000000000000001B /* TasteEngineTests.swift */,
			);
			path = TasteMatchTests;
			sourceTree = "<group>";
		};
		A80004000000000000000004 /* Products */ = {
			isa = PBXGroup;
			children = (
				A60001000000000000000001 /* TasteMatch.app */,
				A60002000000000000000002 /* TasteMatchTests.xctest */,
			);
			name = Products;
			sourceTree = "<group>";
		};
/* End PBXGroup section */

/* Begin PBXNativeTarget section */
		A50001000000000000000001 /* TasteMatch */ = {
			isa = PBXNativeTarget;
			buildConfigurationList = A90001000000000000000001 /* Build configuration list for PBXNativeTarget "TasteMatch" */;
			buildPhases = (
				AA0001000000000000000001 /* Sources */,
				A70001000000000000000001 /* Frameworks */,
				AB0001000000000000000001 /* Resources */,
			);
			buildRules = (
			);
			dependencies = (
			);
			name = TasteMatch;
			productName = TasteMatch;
			productReference = A60001000000000000000001 /* TasteMatch.app */;
			productType = "com.apple.product-type.application";
		};
		A50002000000000000000002 /* TasteMatchTests */ = {
			isa = PBXNativeTarget;
			buildConfigurationList = A90002000000000000000002 /* Build configuration list for PBXNativeTarget "TasteMatchTests" */;
			buildPhases = (
				AA0002000000000000000002 /* Sources */,
				A70002000000000000000002 /* Frameworks */,
			);
			buildRules = (
			);
			dependencies = (
				AC0001000000000000000001 /* PBXTargetDependency */,
			);
			name = TasteMatchTests;
			productName = TasteMatchTests;
			productReference = A60002000000000000000002 /* TasteMatchTests.xctest */;
			productType = "com.apple.product-type.bundle.unit-test";
		};
/* End PBXNativeTarget section */

/* Begin PBXProject section */
		A40001000000000000000001 /* Project object */ = {
			isa = PBXProject;
			attributes = {
				BuildIndependentTargetsInParallel = 1;
				LastSwiftUpdateCheck = 1540;
				LastUpgradeCheck = 1540;
				TargetAttributes = {
					A50001000000000000000001 = {
						CreatedOnToolsVersion = 15.4;
					};
					A50002000000000000000002 = {
						CreatedOnToolsVersion = 15.4;
						TestTargetID = A50001000000000000000001;
					};
				};
			};
			buildConfigurationList = AD0001000000000000000001 /* Build configuration list for PBXProject "TasteMatch" */;
			compatibilityVersion = "Xcode 14.0";
			developmentRegion = en;
			hasScannedForEncodings = 0;
			knownRegions = (
				en,
				Base,
			);
			mainGroup = A80001000000000000000001;
			productRefGroup = A80004000000000000000004 /* Products */;
			projectDirPath = "";
			projectRoot = "";
			targets = (
				A50001000000000000000001 /* TasteMatch */,
				A50002000000000000000002 /* TasteMatchTests */,
			);
		};
/* End PBXProject section */

/* Begin PBXResourcesBuildPhase section */
		AB0001000000000000000001 /* Resources */ = {
			isa = PBXResourcesBuildPhase;
			buildActionMask = 2147483647;
			files = (
				A1001A00000000000000001A /* Assets.xcassets in Resources */,
				C11002000000000000000002 /* catalog.json in Resources */,
			);
			runOnlyForDeploymentPostprocessing = 0;
		};
/* End PBXResourcesBuildPhase section */

/* Begin PBXSourcesBuildPhase section */
		AA0001000000000000000001 /* Sources */ = {
			isa = PBXSourcesBuildPhase;
			buildActionMask = 2147483647;
			files = (
				A10001000000000000000001 /* TasteMatchApp.swift in Sources */,
				B11002000000000000000002 /* AboutScreen.swift in Sources */,
				A10002000000000000000002 /* AnalyzingView.swift in Sources */,
				A10003000000000000000003 /* APIClient.swift in Sources */,
				859BEC168102C01A5993CD82 /* Brand.swift in Sources */,
				D11002000000000000000002 /* CalibrationStore.swift in Sources */,
				C11001000000000000000001 /* CatalogLoader.swift in Sources */,
				A10004000000000000000004 /* CompareScreen.swift in Sources */,
				A10005000000000000000005 /* ContextScreen.swift in Sources */,
				B11001000000000000000001 /* DesignTipsEngine.swift in Sources */,
				A10006000000000000000006 /* EventLogger.swift in Sources */,
				A10007000000000000000007 /* EvolutionScreen.swift in Sources */,
				A10008000000000000000008 /* FavoritesScreen.swift in Sources */,
				A10009000000000000000009 /* FavoritesStore.swift in Sources */,
				A1000A00000000000000000A /* Haptics.swift in Sources */,
				A1000B00000000000000000B /* HistoryScreen.swift in Sources */,
				A1000C00000000000000000C /* MockCatalog.swift in Sources */,
				A1000D00000000000000000D /* Models.swift in Sources */,
				A1000E00000000000000000E /* OnboardingScreen.swift in Sources */,
				A1000F00000000000000000F /* ProfileStore.swift in Sources */,
				A10010000000000000000010 /* RecommendationDetailScreen.swift in Sources */,
				A10011000000000000000011 /* RecommendationEngine.swift in Sources */,
				A10012000000000000000012 /* ResultScreen.swift in Sources */,
				A10013000000000000000013 /* SettingsScreen.swift in Sources */,
				B11003000000000000000003 /* ShareTextBuilder.swift in Sources */,
				A10014000000000000000014 /* SignalExtractor.swift in Sources */,
				D11003000000000000000003 /* SwipeDeckView.swift in Sources */,
				A10015000000000000000015 /* TasteBadge.swift in Sources */,
				D11004000000000000000004 /* TasteCalibrationScreen.swift in Sources */,
				A10016000000000000000016 /* TasteCardView.swift in Sources */,
				A10017000000000000000017 /* TasteEngine.swift in Sources */,
				D11001000000000000000001 /* TasteVector.swift in Sources */,
				A10018000000000000000018 /* Theme.swift in Sources */,
				A10019000000000000000019 /* UploadScreen.swift in Sources */,
			);
			runOnlyForDeploymentPostprocessing = 0;
		};
		AA0002000000000000000002 /* Sources */ = {
			isa = PBXSourcesBuildPhase;
			buildActionMask = 2147483647;
			files = (
				D11005000000000000000005 /* CalibrationTests.swift in Sources */,
				B11004000000000000000004 /* DesignTipsEngineTests.swift in Sources */,
				A1001D00000000000000001D /* ProfileStoreTests.swift in Sources */,
				A1001C00000000000000001C /* RecommendationEngineTests.swift in Sources */,
				B11006000000000000000006 /* ShareTextTests.swift in Sources */,
				B11005000000000000000005 /* TasteBadgeTests.swift in Sources */,
				A1001B00000000000000001B /* TasteEngineTests.swift in Sources */,
			);
			runOnlyForDeploymentPostprocessing = 0;
		};
/* End PBXSourcesBuildPhase section */

/* Begin PBXTargetDependency section */
		AC0001000000000000000001 /* PBXTargetDependency */ = {
			isa = PBXTargetDependency;
			target = A50001000000000000000001 /* TasteMatch */;
			targetProxy = A30001000000000000000001 /* PBXContainerItemProxy */;
		};
/* End PBXTargetDependency section */

/* Begin XCBuildConfiguration section */
		AE0001000000000000000001 /* Debug */ = {
			isa = XCBuildConfiguration;
			buildSettings = {
				ALWAYS_SEARCH_USER_PATHS = NO;
				ASSETCATALOG_COMPILER_GENERATE_SWIFT_ASSET_SYMBOL_EXTENSIONS = YES;
				CLANG_ANALYZER_NONNULL = YES;
				CLANG_ANALYZER_NUMBER_OBJECT_CONVERSION = YES_AGGRESSIVE;
				CLANG_CXX_LANGUAGE_STANDARD = "gnu++20";
				CLANG_ENABLE_MODULES = YES;
				CLANG_ENABLE_OBJC_ARC = YES;
				CLANG_ENABLE_OBJC_WEAK = YES;
				CLANG_WARN_BLOCK_CAPTURE_AUTORELEASING = YES;
				CLANG_WARN_BOOL_CONVERSION = YES;
				CLANG_WARN_COMMA = YES;
				CLANG_WARN_CONSTANT_CONVERSION = YES;
				CLANG_WARN_DEPRECATED_OBJC_IMPLEMENTATIONS = YES;
				CLANG_WARN_DIRECT_OBJC_ISA_USAGE = YES_ERROR;
				CLANG_WARN_DOCUMENTATION_COMMENTS = YES;
				CLANG_WARN_EMPTY_BODY = YES;
				CLANG_WARN_ENUM_CONVERSION = YES;
				CLANG_WARN_INFINITE_RECURSION = YES;
				CLANG_WARN_INT_CONVERSION = YES;
				CLANG_WARN_NON_LITERAL_NULL_CONVERSION = YES;
				CLANG_WARN_OBJC_IMPLICIT_RETAIN_SELF = YES;
				CLANG_WARN_OBJC_LITERAL_CONVERSION = YES;
				CLANG_WARN_OBJC_ROOT_CLASS = YES_ERROR;
				CLANG_WARN_QUOTED_INCLUDE_IN_FRAMEWORK_HEADER = YES;
				CLANG_WARN_RANGE_LOOP_ANALYSIS = YES;
				CLANG_WARN_STRICT_PROTOTYPES = YES;
				CLANG_WARN_SUSPICIOUS_MOVE = YES;
				CLANG_WARN_UNGUARDED_AVAILABILITY = YES_AGGRESSIVE;
				CLANG_WARN_UNREACHABLE_CODE = YES;
				CLANG_WARN__DUPLICATE_METHOD_MATCH = YES;
				COPY_PHASE_STRIP = NO;
				DEBUG_INFORMATION_FORMAT = dwarf;
				ENABLE_STRICT_OBJC_MSGSEND = YES;
				ENABLE_TESTABILITY = YES;
				ENABLE_USER_SCRIPT_SANDBOXING = YES;
				GCC_C_LANGUAGE_STANDARD = gnu17;
				GCC_DYNAMIC_NO_PIC = NO;
				GCC_NO_COMMON_BLOCKS = YES;
				GCC_OPTIMIZATION_LEVEL = 0;
				GCC_PREPROCESSOR_DEFINITIONS = (
					"DEBUG=1",
					"$(inherited)",
				);
				GCC_WARN_64_TO_32_BIT_CONVERSION = YES;
				GCC_WARN_ABOUT_RETURN_TYPE = YES_ERROR;
				GCC_WARN_UNDECLARED_SELECTOR = YES;
				GCC_WARN_UNINITIALIZED_AUTOS = YES_AGGRESSIVE;
				GCC_WARN_UNUSED_FUNCTION = YES;
				GCC_WARN_UNUSED_VARIABLE = YES;
				IPHONEOS_DEPLOYMENT_TARGET = 17.0;
				LOCALIZATION_PREFERS_STRING_CATALOGS = YES;
				MTL_ENABLE_DEBUG_INFO = INCLUDE_SOURCE;
				MTL_FAST_MATH = YES;
				ONLY_ACTIVE_ARCH = YES;
				SDKROOT = iphoneos;
				SWIFT_ACTIVE_COMPILATION_CONDITIONS = "DEBUG $(inherited)";
				SWIFT_OPTIMIZATION_LEVEL = "-Onone";
				SWIFT_VERSION = 5.0;
			};
			name = Debug;
		};
		AE0002000000000000000002 /* Release */ = {
			isa = XCBuildConfiguration;
			buildSettings = {
				ALWAYS_SEARCH_USER_PATHS = NO;
				ASSETCATALOG_COMPILER_GENERATE_SWIFT_ASSET_SYMBOL_EXTENSIONS = YES;
				CLANG_ANALYZER_NONNULL = YES;
				CLANG_ANALYZER_NUMBER_OBJECT_CONVERSION = YES_AGGRESSIVE;
				CLANG_CXX_LANGUAGE_STANDARD = "gnu++20";
				CLANG_ENABLE_MODULES = YES;
				CLANG_ENABLE_OBJC_ARC = YES;
				CLANG_ENABLE_OBJC_WEAK = YES;
				CLANG_WARN_BLOCK_CAPTURE_AUTORELEASING = YES;
				CLANG_WARN_BOOL_CONVERSION = YES;
				CLANG_WARN_COMMA = YES;
				CLANG_WARN_CONSTANT_CONVERSION = YES;
				CLANG_WARN_DEPRECATED_OBJC_IMPLEMENTATIONS = YES;
				CLANG_WARN_DIRECT_OBJC_ISA_USAGE = YES_ERROR;
				CLANG_WARN_DOCUMENTATION_COMMENTS = YES;
				CLANG_WARN_EMPTY_BODY = YES;
				CLANG_WARN_ENUM_CONVERSION = YES;
				CLANG_WARN_INFINITE_RECURSION = YES;
				CLANG_WARN_INT_CONVERSION = YES;
				CLANG_WARN_NON_LITERAL_NULL_CONVERSION = YES;
				CLANG_WARN_OBJC_IMPLICIT_RETAIN_SELF = YES;
				CLANG_WARN_OBJC_LITERAL_CONVERSION = YES;
				CLANG_WARN_OBJC_ROOT_CLASS = YES_ERROR;
				CLANG_WARN_QUOTED_INCLUDE_IN_FRAMEWORK_HEADER = YES;
				CLANG_WARN_RANGE_LOOP_ANALYSIS = YES;
				CLANG_WARN_STRICT_PROTOTYPES = YES;
				CLANG_WARN_SUSPICIOUS_MOVE = YES;
				CLANG_WARN_UNGUARDED_AVAILABILITY = YES_AGGRESSIVE;
				CLANG_WARN_UNREACHABLE_CODE = YES;
				CLANG_WARN__DUPLICATE_METHOD_MATCH = YES;
				COPY_PHASE_STRIP = NO;
				DEBUG_INFORMATION_FORMAT = "dwarf-with-dsym";
				ENABLE_NS_ASSERTIONS = NO;
				ENABLE_STRICT_OBJC_MSGSEND = YES;
				ENABLE_USER_SCRIPT_SANDBOXING = YES;
				GCC_C_LANGUAGE_STANDARD = gnu17;
				GCC_NO_COMMON_BLOCKS = YES;
				GCC_WARN_64_TO_32_BIT_CONVERSION = YES;
				GCC_WARN_ABOUT_RETURN_TYPE = YES_ERROR;
				GCC_WARN_UNDECLARED_SELECTOR = YES;
				GCC_WARN_UNINITIALIZED_AUTOS = YES_AGGRESSIVE;
				GCC_WARN_UNUSED_FUNCTION = YES;
				GCC_WARN_UNUSED_VARIABLE = YES;
				IPHONEOS_DEPLOYMENT_TARGET = 17.0;
				LOCALIZATION_PREFERS_STRING_CATALOGS = YES;
				MTL_ENABLE_DEBUG_INFO = NO;
				MTL_FAST_MATH = YES;
				SDKROOT = iphoneos;
				SWIFT_COMPILATION_MODE = wholemodule;
				SWIFT_VERSION = 5.0;
				VALIDATE_PRODUCT = YES;
			};
			name = Release;
		};
		AE0003000000000000000003 /* Debug */ = {
			isa = XCBuildConfiguration;
			buildSettings = {
				ASSETCATALOG_COMPILER_APPICON_NAME = AppIcon;
				ASSETCATALOG_COMPILER_GLOBAL_ACCENT_COLOR_NAME = AccentColor;
				CODE_SIGN_STYLE = Automatic;
				CURRENT_PROJECT_VERSION = 1;
				DEVELOPMENT_TEAM = "";
				ENABLE_PREVIEWS = YES;
				GENERATE_INFOPLIST_FILE = YES;
				INFOPLIST_FILE = TasteMatch/Info.plist;
				INFOPLIST_KEY_CFBundleDisplayName = LU23;
				INFOPLIST_KEY_UIApplicationSceneManifest_Generation = YES;
				INFOPLIST_KEY_UIApplicationSupportsIndirectInputEvents = YES;
				INFOPLIST_KEY_UILaunchScreen_Generation = YES;
				INFOPLIST_KEY_UISupportedInterfaceOrientations_iPad = "UIInterfaceOrientationPortrait UIInterfaceOrientationPortraitUpsideDown UIInterfaceOrientationLandscapeLeft UIInterfaceOrientationLandscapeRight";
				INFOPLIST_KEY_UISupportedInterfaceOrientations_iPhone = "UIInterfaceOrientationPortrait UIInterfaceOrientationLandscapeLeft UIInterfaceOrientationLandscapeRight";
				LD_RUNPATH_SEARCH_PATHS = (
					"$(inherited)",
					"@executable_path/Frameworks",
				);
				MARKETING_VERSION = 1.0;
				PRODUCT_BUNDLE_IDENTIFIER = com.lu23.TasteMatch;
				PRODUCT_NAME = "$(TARGET_NAME)";
				SUPPORTED_PLATFORMS = "iphoneos iphonesimulator";
				SUPPORTS_MACCATALYST = NO;
				SWIFT_EMIT_LOC_STRINGS = YES;
				SWIFT_VERSION = 5.0;
				TARGETED_DEVICE_FAMILY = "1,2";
			};
			name = Debug;
		};
		AE0004000000000000000004 /* Release */ = {
			isa = XCBuildConfiguration;
			buildSettings = {
				ASSETCATALOG_COMPILER_APPICON_NAME = AppIcon;
				ASSETCATALOG_COMPILER_GLOBAL_ACCENT_COLOR_NAME = AccentColor;
				CODE_SIGN_STYLE = Automatic;
				CURRENT_PROJECT_VERSION = 1;
				DEVELOPMENT_TEAM = "";
				ENABLE_PREVIEWS = YES;
				GENERATE_INFOPLIST_FILE = YES;
				INFOPLIST_FILE = TasteMatch/Info.plist;
				INFOPLIST_KEY_CFBundleDisplayName = LU23;
				INFOPLIST_KEY_UIApplicationSceneManifest_Generation = YES;
				INFOPLIST_KEY_UIApplicationSupportsIndirectInputEvents = YES;
				INFOPLIST_KEY_UILaunchScreen_Generation = YES;
				INFOPLIST_KEY_UISupportedInterfaceOrientations_iPad = "UIInterfaceOrientationPortrait UIInterfaceOrientationPortraitUpsideDown UIInterfaceOrientationLandscapeLeft UIInterfaceOrientationLandscapeRight";
				INFOPLIST_KEY_UISupportedInterfaceOrientations_iPhone = "UIInterfaceOrientationPortrait UIInterfaceOrientationLandscapeLeft UIInterfaceOrientationLandscapeRight";
				LD_RUNPATH_SEARCH_PATHS = (
					"$(inherited)",
					"@executable_path/Frameworks",
				);
				MARKETING_VERSION = 1.0;
				PRODUCT_BUNDLE_IDENTIFIER = com.lu23.TasteMatch;
				PRODUCT_NAME = "$(TARGET_NAME)";
				SUPPORTED_PLATFORMS = "iphoneos iphonesimulator";
				SUPPORTS_MACCATALYST = NO;
				SWIFT_EMIT_LOC_STRINGS = YES;
				SWIFT_VERSION = 5.0;
				TARGETED_DEVICE_FAMILY = "1,2";
			};
			name = Release;
		};
		AE0005000000000000000005 /* Debug */ = {
			isa = XCBuildConfiguration;
			buildSettings = {
				BUNDLE_LOADER = "$(TEST_HOST)";
				CODE_SIGN_STYLE = Automatic;
				CURRENT_PROJECT_VERSION = 1;
				DEVELOPMENT_TEAM = "";
				GENERATE_INFOPLIST_FILE = YES;
				IPHONEOS_DEPLOYMENT_TARGET = 17.0;
				MARKETING_VERSION = 1.0;
				PRODUCT_BUNDLE_IDENTIFIER = com.lu23.TasteMatchTests;
				PRODUCT_NAME = "$(TARGET_NAME)";
				SUPPORTED_PLATFORMS = "iphoneos iphonesimulator";
				SUPPORTS_MACCATALYST = NO;
				SWIFT_EMIT_LOC_STRINGS = NO;
				SWIFT_VERSION = 5.0;
				TARGETED_DEVICE_FAMILY = "1,2";
				TEST_HOST = "$(BUILT_PRODUCTS_DIR)/TasteMatch.app/$(BUNDLE_EXECUTABLE_FOLDER_PATH)/TasteMatch";
			};
			name = Debug;
		};
		AE0006000000000000000006 /* Release */ = {
			isa = XCBuildConfiguration;
			buildSettings = {
				BUNDLE_LOADER = "$(TEST_HOST)";
				CODE_SIGN_STYLE = Automatic;
				CURRENT_PROJECT_VERSION = 1;
				DEVELOPMENT_TEAM = "";
				GENERATE_INFOPLIST_FILE = YES;
				IPHONEOS_DEPLOYMENT_TARGET = 17.0;
				MARKETING_VERSION = 1.0;
				PRODUCT_BUNDLE_IDENTIFIER = com.lu23.TasteMatchTests;
				PRODUCT_NAME = "$(TARGET_NAME)";
				SUPPORTED_PLATFORMS = "iphoneos iphonesimulator";
				SUPPORTS_MACCATALYST = NO;
				SWIFT_EMIT_LOC_STRINGS = NO;
				SWIFT_VERSION = 5.0;
				TARGETED_DEVICE_FAMILY = "1,2";
				TEST_HOST = "$(BUILT_PRODUCTS_DIR)/TasteMatch.app/$(BUNDLE_EXECUTABLE_FOLDER_PATH)/TasteMatch";
			};
			name = Release;
		};
/* End XCBuildConfiguration section */

/* Begin XCConfigurationList section */
		AD0001000000000000000001 /* Build configuration list for PBXProject "TasteMatch" */ = {
			isa = XCConfigurationList;
			buildConfigurations = (
				AE0001000000000000000001 /* Debug */,
				AE0002000000000000000002 /* Release */,
			);
			defaultConfigurationIsVisible = 0;
			defaultConfigurationName = Release;
		};
		A90001000000000000000001 /* Build configuration list for PBXNativeTarget "TasteMatch" */ = {
			isa = XCConfigurationList;
			buildConfigurations = (
				AE0003000000000000000003 /* Debug */,
				AE0004000000000000000004 /* Release */,
			);
			defaultConfigurationIsVisible = 0;
			defaultConfigurationName = Release;
		};
		A90002000000000000000002 /* Build configuration list for PBXNativeTarget "TasteMatchTests" */ = {
			isa = XCConfigurationList;
			buildConfigurations = (
				AE0005000000000000000005 /* Debug */,
				AE0006000000000000000006 /* Release */,
			);
			defaultConfigurationIsVisible = 0;
			defaultConfigurationName = Release;
		};
/* End XCConfigurationList section */

	};
	rootObject = A40001000000000000000001 /* Project object */;
}
